// !$*UTF8*$!
{
	archiveVersion = 1;
	classes = {
	};
	objectVersion = 56;
	objects = {

/* Begin PBXBuildFile section */
		739CDDF72BA1D6EB0059AF68 /* NavigationStackExperimentApp.swift in Sources */ = {isa = PBXBuildFile; fileRef = 739CDDF62BA1D6EB0059AF68 /* NavigationStackExperimentApp.swift */; };
		739CDDF92BA1D6EB0059AF68 /* ProfileModuleView.swift in Sources */ = {isa = PBXBuildFile; fileRef = 739CDDF82BA1D6EB0059AF68 /* ProfileModuleView.swift */; };
		739CDDFB2BA1D6EC0059AF68 /* Assets.xcassets in Resources */ = {isa = PBXBuildFile; fileRef = 739CDDFA2BA1D6EC0059AF68 /* Assets.xcassets */; };
		739CDDFE2BA1D6EC0059AF68 /* Preview Assets.xcassets in Resources */ = {isa = PBXBuildFile; fileRef = 739CDDFD2BA1D6EC0059AF68 /* Preview Assets.xcassets */; };
		739CDE072BA1D8130059AF68 /* User.swift in Sources */ = {isa = PBXBuildFile; fileRef = 739CDE062BA1D8130059AF68 /* User.swift */; };
		739CDE0C2BA1D9E60059AF68 /* ProfileModuleViewModel.swift in Sources */ = {isa = PBXBuildFile; fileRef = 739CDE0B2BA1D9E60059AF68 /* ProfileModuleViewModel.swift */; };
		739CDE0E2BA1D9F30059AF68 /* ProfileModuleModel.swift in Sources */ = {isa = PBXBuildFile; fileRef = 739CDE0D2BA1D9F30059AF68 /* ProfileModuleModel.swift */; };
		739CDE112BA1DBDC0059AF68 /* HeaderView.swift in Sources */ = {isa = PBXBuildFile; fileRef = 739CDE102BA1DBDC0059AF68 /* HeaderView.swift */; };
		739CDE132BA1DEB80059AF68 /* InfoView.swift in Sources */ = {isa = PBXBuildFile; fileRef = 739CDE122BA1DEB80059AF68 /* InfoView.swift */; };
		739CDE152BA1E0D30059AF68 /* FollowCountView.swift in Sources */ = {isa = PBXBuildFile; fileRef = 739CDE142BA1E0D30059AF68 /* FollowCountView.swift */; };
		739CDE172BA1E27A0059AF68 /* EditButton.swift in Sources */ = {isa = PBXBuildFile; fileRef = 739CDE162BA1E27A0059AF68 /* EditButton.swift */; };
		739CDE192BA1E3840059AF68 /* PostRow.swift in Sources */ = {isa = PBXBuildFile; fileRef = 739CDE182BA1E3840059AF68 /* PostRow.swift */; };
		739CDE1B2BA1E4F00059AF68 /* PostsListView.swift in Sources */ = {isa = PBXBuildFile; fileRef = 739CDE1A2BA1E4F00059AF68 /* PostsListView.swift */; };
/* End PBXBuildFile section */

/* Begin PBXFileReference section */
		739CDDF32BA1D6EB0059AF68 /* NavigationStackExperiment.app */ = {isa = PBXFileReference; explicitFileType = wrapper.application; includeInIndex = 0; path = NavigationStackExperiment.app; sourceTree = BUILT_PRODUCTS_DIR; };
		739CDDF62BA1D6EB0059AF68 /* NavigationStackExperimentApp.swift */ = {isa = PBXFileReference; lastKnownFileType = sourcecode.swift; path = NavigationStackExperimentApp.swift; sourceTree = "<group>"; };
		739CDDF82BA1D6EB0059AF68 /* ProfileModuleView.swift */ = {isa = PBXFileReference; lastKnownFileType = sourcecode.swift; path = ProfileModuleView.swift; sourceTree = "<group>"; };
		739CDDFA2BA1D6EC0059AF68 /* Assets.xcassets */ = {isa = PBXFileReference; lastKnownFileType = folder.assetcatalog; path = Assets.xcassets; sourceTree = "<group>"; };
		739CDDFD2BA1D6EC0059AF68 /* Preview Assets.xcassets */ = {isa = PBXFileReference; lastKnownFileType = folder.assetcatalog; path = "Preview Assets.xcassets"; sourceTree = "<group>"; };
		739CDE062BA1D8130059AF68 /* User.swift */ = {isa = PBXFileReference; lastKnownFileType = sourcecode.swift; path = User.swift; sourceTree = "<group>"; };
		739CDE0B2BA1D9E60059AF68 /* ProfileModuleViewModel.swift */ = {isa = PBXFileReference; lastKnownFileType = sourcecode.swift; path = ProfileModuleViewModel.swift; sourceTree = "<group>"; };
		739CDE0D2BA1D9F30059AF68 /* ProfileModuleModel.swift */ = {isa = PBXFileReference; lastKnownFileType = sourcecode.swift; path = ProfileModuleModel.swift; sourceTree = "<group>"; };
		739CDE102BA1DBDC0059AF68 /* HeaderView.swift */ = {isa = PBXFileReference; lastKnownFileType = sourcecode.swift; path = HeaderView.swift; sourceTree = "<group>"; };
		739CDE122BA1DEB80059AF68 /* InfoView.swift */ = {isa = PBXFileReference; lastKnownFileType = sourcecode.swift; path = InfoView.swift; sourceTree = "<group>"; };
		739CDE142BA1E0D30059AF68 /* FollowCountView.swift */ = {isa = PBXFileReference; lastKnownFileType = sourcecode.swift; path = FollowCountView.swift; sourceTree = "<group>"; };
		739CDE162BA1E27A0059AF68 /* EditButton.swift */ = {isa = PBXFileReference; lastKnownFileType = sourcecode.swift; path = EditButton.swift; sourceTree = "<group>"; };
		739CDE182BA1E3840059AF68 /* PostRow.swift */ = {isa = PBXFileReference; lastKnownFileType = sourcecode.swift; path = PostRow.swift; sourceTree = "<group>"; };
		739CDE1A2BA1E4F00059AF68 /* PostsListView.swift */ = {isa = PBXFileReference; lastKnownFileType = sourcecode.swift; path = PostsListView.swift; sourceTree = "<group>"; };
/* End PBXFileReference section */

/* Begin PBXFrameworksBuildPhase section */
		739CDDF02BA1D6EB0059AF68 /* Frameworks */ = {
			isa = PBXFrameworksBuildPhase;
			buildActionMask = 2147483647;
			files = (
			);
			runOnlyForDeploymentPostprocessing = 0;
		};
/* End PBXFrameworksBuildPhase section */

/* Begin PBXGroup section */
		739CDDEA2BA1D6EB0059AF68 = {
			isa = PBXGroup;
			children = (
				739CDDF52BA1D6EB0059AF68 /* NavigationStackExperiment */,
				739CDDF42BA1D6EB0059AF68 /* Products */,
			);
			sourceTree = "<group>";
		};
		739CDDF42BA1D6EB0059AF68 /* Products */ = {
			isa = PBXGroup;
			children = (
				739CDDF32BA1D6EB0059AF68 /* NavigationStackExperiment.app */,
			);
			name = Products;
			sourceTree = "<group>";
		};
		739CDDF52BA1D6EB0059AF68 /* NavigationStackExperiment */ = {
			isa = PBXGroup;
			children = (
				739CDDF62BA1D6EB0059AF68 /* NavigationStackExperimentApp.swift */,
				739CDDFA2BA1D6EC0059AF68 /* Assets.xcassets */,
				739CDE042BA1D7DD0059AF68 /* Models */,
				739CDE052BA1D7E40059AF68 /* Modules */,
				739CDDFC2BA1D6EC0059AF68 /* Preview Content */,
				739CDE0F2BA1DBC30059AF68 /* Views */,
			);
			path = NavigationStackExperiment;
			sourceTree = "<group>";
		};
		739CDDFC2BA1D6EC0059AF68 /* Preview Content */ = {
			isa = PBXGroup;
			children = (
				739CDDFD2BA1D6EC0059AF68 /* Preview Assets.xcassets */,
			);
			path = "Preview Content";
			sourceTree = "<group>";
		};
		739CDE042BA1D7DD0059AF68 /* Models */ = {
			isa = PBXGroup;
			children = (
				739CDE062BA1D8130059AF68 /* User.swift */,
			);
			path = Models;
			sourceTree = "<group>";
		};
		739CDE052BA1D7E40059AF68 /* Modules */ = {
			isa = PBXGroup;
			children = (
				739CDE0A2BA1D9C20059AF68 /* Profile */,
			);
			path = Modules;
			sourceTree = "<group>";
		};
		739CDE0A2BA1D9C20059AF68 /* Profile */ = {
			isa = PBXGroup;
			children = (
				739CDE0D2BA1D9F30059AF68 /* ProfileModuleModel.swift */,
				739CDDF82BA1D6EB0059AF68 /* ProfileModuleView.swift */,
				739CDE0B2BA1D9E60059AF68 /* ProfileModuleViewModel.swift */,
			);
			path = Profile;
			sourceTree = "<group>";
		};
		739CDE0F2BA1DBC30059AF68 /* Views */ = {
			isa = PBXGroup;
			children = (
				739CDE162BA1E27A0059AF68 /* EditButton.swift */,
				739CDE142BA1E0D30059AF68 /* FollowCountView.swift */,
				739CDE102BA1DBDC0059AF68 /* HeaderView.swift */,
				739CDE122BA1DEB80059AF68 /* InfoView.swift */,
				739CDE1A2BA1E4F00059AF68 /* PostsListView.swift */,
				739CDE182BA1E3840059AF68 /* PostRow.swift */,
			);
			path = Views;
			sourceTree = "<group>";
		};
/* End PBXGroup section */

/* Begin PBXNativeTarget section */
		739CDDF22BA1D6EB0059AF68 /* NavigationStackExperiment */ = {
			isa = PBXNativeTarget;
			buildConfigurationList = 739CDE012BA1D6EC0059AF68 /* Build configuration list for PBXNativeTarget "NavigationStackExperiment" */;
			buildPhases = (
				739CDDEF2BA1D6EB0059AF68 /* Sources */,
				739CDDF02BA1D6EB0059AF68 /* Frameworks */,
				739CDDF12BA1D6EB0059AF68 /* Resources */,
			);
			buildRules = (
			);
			dependencies = (
			);
			name = NavigationStackExperiment;
			productName = NavigationStackExperiment;
			productReference = 739CDDF32BA1D6EB0059AF68 /* NavigationStackExperiment.app */;
			productType = "com.apple.product-type.application";
		};
/* End PBXNativeTarget section */

/* Begin PBXProject section */
		739CDDEB2BA1D6EB0059AF68 /* Project object */ = {
			isa = PBXProject;
			attributes = {
				BuildIndependentTargetsInParallel = 1;
				LastSwiftUpdateCheck = 1530;
				LastUpgradeCheck = 1530;
				TargetAttributes = {
					739CDDF22BA1D6EB0059AF68 = {
						CreatedOnToolsVersion = 15.3;
					};
				};
			};
			buildConfigurationList = 739CDDEE2BA1D6EB0059AF68 /* Build configuration list for PBXProject "NavigationStackExperiment" */;
			compatibilityVersion = "Xcode 14.0";
			developmentRegion = en;
			hasScannedForEncodings = 0;
			knownRegions = (
				en,
				Base,
			);
			mainGroup = 739CDDEA2BA1D6EB0059AF68;
			productRefGroup = 739CDDF42BA1D6EB0059AF68 /* Products */;
			projectDirPath = "";
			projectRoot = "";
			targets = (
				739CDDF22BA1D6EB0059AF68 /* NavigationStackExperiment */,
			);
		};
/* End PBXProject section */

/* Begin PBXResourcesBuildPhase section */
		739CDDF12BA1D6EB0059AF68 /* Resources */ = {
			isa = PBXResourcesBuildPhase;
			buildActionMask = 2147483647;
			files = (
				739CDDFE2BA1D6EC0059AF68 /* Preview Assets.xcassets in Resources */,
				739CDDFB2BA1D6EC0059AF68 /* Assets.xcassets in Resources */,
			);
			runOnlyForDeploymentPostprocessing = 0;
		};
/* End PBXResourcesBuildPhase section */

/* Begin PBXSourcesBuildPhase section */
		739CDDEF2BA1D6EB0059AF68 /* Sources */ = {
			isa = PBXSourcesBuildPhase;
			buildActionMask = 2147483647;
			files = (
				739CDDF92BA1D6EB0059AF68 /* ProfileModuleView.swift in Sources */,
				739CDE172BA1E27A0059AF68 /* EditButton.swift in Sources */,
				739CDE192BA1E3840059AF68 /* PostRow.swift in Sources */,
				739CDE112BA1DBDC0059AF68 /* HeaderView.swift in Sources */,
				739CDE0E2BA1D9F30059AF68 /* ProfileModuleModel.swift in Sources */,
				739CDE1B2BA1E4F00059AF68 /* PostsListView.swift in Sources */,
				739CDDF72BA1D6EB0059AF68 /* NavigationStackExperimentApp.swift in Sources */,
				739CDE0C2BA1D9E60059AF68 /* ProfileModuleViewModel.swift in Sources */,
				739CDE072BA1D8130059AF68 /* User.swift in Sources */,
				739CDE132BA1DEB80059AF68 /* InfoView.swift in Sources */,
				739CDE152BA1E0D30059AF68 /* FollowCountView.swift in Sources */,
			);
			runOnlyForDeploymentPostprocessing = 0;
		};
/* End PBXSourcesBuildPhase section */

/* Begin XCBuildConfiguration section */
		739CDDFF2BA1D6EC0059AF68 /* Debug */ = {
			isa = XCBuildConfiguration;
			buildSettings = {
				ALWAYS_SEARCH_USER_PATHS = NO;
				ASSETCATALOG_COMPILER_GENERATE_SWIFT_ASSET_SYMBOL_EXTENSIONS = YES;
				CLANG_ANALYZER_NONNULL = YES;
				CLANG_ANALYZER_NUMBER_OBJECT_CONVERSION = YES_AGGRESSIVE;
				CLANG_CXX_LANGUAGE_STANDARD = "gnu++20";
				CLANG_ENABLE_MODULES = YES;
				CLANG_ENABLE_OBJC_ARC = YES;
				CLANG_ENABLE_OBJC_WEAK = YES;
				CLANG_WARN_BLOCK_CAPTURE_AUTORELEASING = YES;
				CLANG_WARN_BOOL_CONVERSION = YES;
				CLANG_WARN_COMMA = YES;
				CLANG_WARN_CONSTANT_CONVERSION = YES;
				CLANG_WARN_DEPRECATED_OBJC_IMPLEMENTATIONS = YES;
				CLANG_WARN_DIRECT_OBJC_ISA_USAGE = YES_ERROR;
				CLANG_WARN_DOCUMENTATION_COMMENTS = YES;
				CLANG_WARN_EMPTY_BODY = YES;
				CLANG_WARN_ENUM_CONVERSION = YES;
				CLANG_WARN_INFINITE_RECURSION = YES;
				CLANG_WARN_INT_CONVERSION = YES;
				CLANG_WARN_NON_LITERAL_NULL_CONVERSION = YES;
				CLANG_WARN_OBJC_IMPLICIT_RETAIN_SELF = YES;
				CLANG_WARN_OBJC_LITERAL_CONVERSION = YES;
				CLANG_WARN_OBJC_ROOT_CLASS = YES_ERROR;
				CLANG_WARN_QUOTED_INCLUDE_IN_FRAMEWORK_HEADER = YES;
				CLANG_WARN_RANGE_LOOP_ANALYSIS = YES;
				CLANG_WARN_STRICT_PROTOTYPES = YES;
				CLANG_WARN_SUSPICIOUS_MOVE = YES;
				CLANG_WARN_UNGUARDED_AVAILABILITY = YES_AGGRESSIVE;
				CLANG_WARN_UNREACHABLE_CODE = YES;
				CLANG_WARN__DUPLICATE_METHOD_MATCH = YES;
				COPY_PHASE_STRIP = NO;
				DEBUG_INFORMATION_FORMAT = dwarf;
				ENABLE_STRICT_OBJC_MSGSEND = YES;
				ENABLE_TESTABILITY = YES;
				ENABLE_USER_SCRIPT_SANDBOXING = YES;
				GCC_C_LANGUAGE_STANDARD = gnu17;
				GCC_DYNAMIC_NO_PIC = NO;
				GCC_NO_COMMON_BLOCKS = YES;
				GCC_OPTIMIZATION_LEVEL = 0;
				GCC_PREPROCESSOR_DEFINITIONS = (
					"DEBUG=1",
					"$(inherited)",
				);
				GCC_WARN_64_TO_32_BIT_CONVERSION = YES;
				GCC_WARN_ABOUT_RETURN_TYPE = YES_ERROR;
				GCC_WARN_UNDECLARED_SELECTOR = YES;
				GCC_WARN_UNINITIALIZED_AUTOS = YES_AGGRESSIVE;
				GCC_WARN_UNUSED_FUNCTION = YES;
				GCC_WARN_UNUSED_VARIABLE = YES;
				IPHONEOS_DEPLOYMENT_TARGET = 17.4;
				LOCALIZATION_PREFERS_STRING_CATALOGS = YES;
				MTL_ENABLE_DEBUG_INFO = INCLUDE_SOURCE;
				MTL_FAST_MATH = YES;
				ONLY_ACTIVE_ARCH = YES;
				SDKROOT = iphoneos;
				SWIFT_ACTIVE_COMPILATION_CONDITIONS = "DEBUG $(inherited)";
				SWIFT_OPTIMIZATION_LEVEL = "-Onone";
			};
			name = Debug;
		};
		739CDE002BA1D6EC0059AF68 /* Release */ = {
			isa = XCBuildConfiguration;
			buildSettings = {
				ALWAYS_SEARCH_USER_PATHS = NO;
				ASSETCATALOG_COMPILER_GENERATE_SWIFT_ASSET_SYMBOL_EXTENSIONS = YES;
				CLANG_ANALYZER_NONNULL = YES;
				CLANG_ANALYZER_NUMBER_OBJECT_CONVERSION = YES_AGGRESSIVE;
				CLANG_CXX_LANGUAGE_STANDARD = "gnu++20";
				CLANG_ENABLE_MODULES = YES;
				CLANG_ENABLE_OBJC_ARC = YES;
				CLANG_ENABLE_OBJC_WEAK = YES;
				CLANG_WARN_BLOCK_CAPTURE_AUTORELEASING = YES;
				CLANG_WARN_BOOL_CONVERSION = YES;
				CLANG_WARN_COMMA = YES;
				CLANG_WARN_CONSTANT_CONVERSION = YES;
				CLANG_WARN_DEPRECATED_OBJC_IMPLEMENTATIONS = YES;
				CLANG_WARN_DIRECT_OBJC_ISA_USAGE = YES_ERROR;
				CLANG_WARN_DOCUMENTATION_COMMENTS = YES;
				CLANG_WARN_EMPTY_BODY = YES;
				CLANG_WARN_ENUM_CONVERSION = YES;
				CLANG_WARN_INFINITE_RECURSION = YES;
				CLANG_WARN_INT_CONVERSION = YES;
				CLANG_WARN_NON_LITERAL_NULL_CONVERSION = YES;
				CLANG_WARN_OBJC_IMPLICIT_RETAIN_SELF = YES;
				CLANG_WARN_OBJC_LITERAL_CONVERSION = YES;
				CLANG_WARN_OBJC_ROOT_CLASS = YES_ERROR;
				CLANG_WARN_QUOTED_INCLUDE_IN_FRAMEWORK_HEADER = YES;
				CLANG_WARN_RANGE_LOOP_ANALYSIS = YES;
				CLANG_WARN_STRICT_PROTOTYPES = YES;
				CLANG_WARN_SUSPICIOUS_MOVE = YES;
				CLANG_WARN_UNGUARDED_AVAILABILITY = YES_AGGRESSIVE;
				CLANG_WARN_UNREACHABLE_CODE = YES;
				CLANG_WARN__DUPLICATE_METHOD_MATCH = YES;
				COPY_PHASE_STRIP = NO;
				DEBUG_INFORMATION_FORMAT = "dwarf-with-dsym";
				ENABLE_NS_ASSERTIONS = NO;
				ENABLE_STRICT_OBJC_MSGSEND = YES;
				ENABLE_USER_SCRIPT_SANDBOXING = YES;
				GCC_C_LANGUAGE_STANDARD = gnu17;
				GCC_NO_COMMON_BLOCKS = YES;
				GCC_WARN_64_TO_32_BIT_CONVERSION = YES;
				GCC_WARN_ABOUT_RETURN_TYPE = YES_ERROR;
				GCC_WARN_UNDECLARED_SELECTOR = YES;
				GCC_WARN_UNINITIALIZED_AUTOS = YES_AGGRESSIVE;
				GCC_WARN_UNUSED_FUNCTION = YES;
				GCC_WARN_UNUSED_VARIABLE = YES;
				IPHONEOS_DEPLOYMENT_TARGET = 17.4;
				LOCALIZATION_PREFERS_STRING_CATALOGS = YES;
				MTL_ENABLE_DEBUG_INFO = NO;
				MTL_FAST_MATH = YES;
				SDKROOT = iphoneos;
				SWIFT_COMPILATION_MODE = wholemodule;
				VALIDATE_PRODUCT = YES;
			};
			name = Release;
		};
		739CDE022BA1D6EC0059AF68 /* Debug */ = {
			isa = XCBuildConfiguration;
			buildSettings = {
				ASSETCATALOG_COMPILER_APPICON_NAME = AppIcon;
				ASSETCATALOG_COMPILER_GLOBAL_ACCENT_COLOR_NAME = AccentColor;
				CODE_SIGN_STYLE = Automatic;
				CURRENT_PROJECT_VERSION = 1;
				DEVELOPMENT_ASSET_PATHS = "\"NavigationStackExperiment/Preview Content\"";
				DEVELOPMENT_TEAM = 68Y6PK33C5;
				ENABLE_PREVIEWS = YES;
				GENERATE_INFOPLIST_FILE = YES;
				INFOPLIST_KEY_UIApplicationSceneManifest_Generation = YES;
				INFOPLIST_KEY_UIApplicationSupportsIndirectInputEvents = YES;
				INFOPLIST_KEY_UILaunchScreen_Generation = YES;
				INFOPLIST_KEY_UISupportedInterfaceOrientations_iPad = "UIInterfaceOrientationPortrait UIInterfaceOrientationPortraitUpsideDown UIInterfaceOrientationLandscapeLeft UIInterfaceOrientationLandscapeRight";
				INFOPLIST_KEY_UISupportedInterfaceOrientations_iPhone = "UIInterfaceOrientationPortrait UIInterfaceOrientationLandscapeLeft UIInterfaceOrientationLandscapeRight";
				IPHONEOS_DEPLOYMENT_TARGET = 16.0;
				LD_RUNPATH_SEARCH_PATHS = (
					"$(inherited)",
					"@executable_path/Frameworks",
				);
				MARKETING_VERSION = 1.0;
				PRODUCT_BUNDLE_IDENTIFIER = MK.NavigationStackExperiment;
				PRODUCT_NAME = "$(TARGET_NAME)";
				SUPPORTED_PLATFORMS = "iphoneos iphonesimulator";
				SUPPORTS_MACCATALYST = NO;
				SUPPORTS_MAC_DESIGNED_FOR_IPHONE_IPAD = NO;
				SUPPORTS_XR_DESIGNED_FOR_IPHONE_IPAD = NO;
				SWIFT_EMIT_LOC_STRINGS = YES;
				SWIFT_VERSION = 5.0;
				TARGETED_DEVICE_FAMILY = 1;
			};
			name = Debug;
		};
		739CDE032BA1D6EC0059AF68 /* Release */ = {
			isa = XCBuildConfiguration;
			buildSettings = {
				ASSETCATALOG_COMPILER_APPICON_NAME = AppIcon;
				ASSETCATALOG_COMPILER_GLOBAL_ACCENT_COLOR_NAME = AccentColor;
				CODE_SIGN_STYLE = Automatic;
				CURRENT_PROJECT_VERSION = 1;
				DEVELOPMENT_ASSET_PATHS = "\"NavigationStackExperiment/Preview Content\"";
				DEVELOPMENT_TEAM = 68Y6PK33C5;
				ENABLE_PREVIEWS = YES;
				GENERATE_INFOPLIST_FILE = YES;
				INFOPLIST_KEY_UIApplicationSceneManifest_Generation = YES;
				INFOPLIST_KEY_UIApplicationSupportsIndirectInputEvents = YES;
				INFOPLIST_KEY_UILaunchScreen_Generation = YES;
				INFOPLIST_KEY_UISupportedInterfaceOrientations_iPad = "UIInterfaceOrientationPortrait UIInterfaceOrientationPortraitUpsideDown UIInterfaceOrientationLandscapeLeft UIInterfaceOrientationLandscapeRight";
				INFOPLIST_KEY_UISupportedInterfaceOrientations_iPhone = "UIInterfaceOrientationPortrait UIInterfaceOrientationLandscapeLeft UIInterfaceOrientationLandscapeRight";
				IPHONEOS_DEPLOYMENT_TARGET = 16.0;
				LD_RUNPATH_SEARCH_PATHS = (
					"$(inherited)",
					"@executable_path/Frameworks",
				);
				MARKETING_VERSION = 1.0;
				PRODUCT_BUNDLE_IDENTIFIER = MK.NavigationStackExperiment;
				PRODUCT_NAME = "$(TARGET_NAME)";
				SUPPORTED_PLATFORMS = "iphoneos iphonesimulator";
				SUPPORTS_MACCATALYST = NO;
				SUPPORTS_MAC_DESIGNED_FOR_IPHONE_IPAD = NO;
				SUPPORTS_XR_DESIGNED_FOR_IPHONE_IPAD = NO;
				SWIFT_EMIT_LOC_STRINGS = YES;
				SWIFT_VERSION = 5.0;
				TARGETED_DEVICE_FAMILY = 1;
			};
			name = Release;
		};
/* End XCBuildConfiguration section */

/* Begin XCConfigurationList section */
		739CDDEE2BA1D6EB0059AF68 /* Build configuration list for PBXProject "NavigationStackExperiment" */ = {
			isa = XCConfigurationList;
			buildConfigurations = (
				739CDDFF2BA1D6EC0059AF68 /* Debug */,
				739CDE002BA1D6EC0059AF68 /* Release */,
			);
			defaultConfigurationIsVisible = 0;
			defaultConfigurationName = Release;
		};
		739CDE012BA1D6EC0059AF68 /* Build configuration list for PBXNativeTarget "NavigationStackExperiment" */ = {
			isa = XCConfigurationList;
			buildConfigurations = (
				739CDE022BA1D6EC0059AF68 /* Debug */,
				739CDE032BA1D6EC0059AF68 /* Release */,
			);
			defaultConfigurationIsVisible = 0;
			defaultConfigurationName = Release;
		};
/* End XCConfigurationList section */
	};
	rootObject = 739CDDEB2BA1D6EB0059AF68 /* Project object */;
}
