// !$*UTF8*$!
{
	archiveVersion = 1;
	classes = {
	};
	objectVersion = 56;
	objects = {

/* Begin PBXBuildFile section */
		73C7743E2BB41983002AD4E3 /* NavigationStackMVVMApp.swift in Sources */ = {isa = PBXBuildFile; fileRef = 73C7743D2BB41983002AD4E3 /* NavigationStackMVVMApp.swift */; };
		73C774402BB41983002AD4E3 /* HomescreenModuleView.swift in Sources */ = {isa = PBXBuildFile; fileRef = 73C7743F2BB41983002AD4E3 /* HomescreenModuleView.swift */; };
		73C774422BB41984002AD4E3 /* Assets.xcassets in Resources */ = {isa = PBXBuildFile; fileRef = 73C774412BB41984002AD4E3 /* Assets.xcassets */; };
		73C774452BB41984002AD4E3 /* Preview Assets.xcassets in Resources */ = {isa = PBXBuildFile; fileRef = 73C774442BB41984002AD4E3 /* Preview Assets.xcassets */; };
		73C774562BB41DC8002AD4E3 /* BackButton.swift in Sources */ = {isa = PBXBuildFile; fileRef = 73C774552BB41DC8002AD4E3 /* BackButton.swift */; };
		73C774582BB41DD7002AD4E3 /* HeaderView.swift in Sources */ = {isa = PBXBuildFile; fileRef = 73C774572BB41DD7002AD4E3 /* HeaderView.swift */; };
		73C7745A2BB41DED002AD4E3 /* NavigationController.swift in Sources */ = {isa = PBXBuildFile; fileRef = 73C774592BB41DED002AD4E3 /* NavigationController.swift */; };
		73C7745C2BB41E2D002AD4E3 /* Card.swift in Sources */ = {isa = PBXBuildFile; fileRef = 73C7745B2BB41E2D002AD4E3 /* Card.swift */; };
		73C7745E2BB41E3A002AD4E3 /* GameConfig.swift in Sources */ = {isa = PBXBuildFile; fileRef = 73C7745D2BB41E3A002AD4E3 /* GameConfig.swift */; };
		73C774602BB41E45002AD4E3 /* GameMode.swift in Sources */ = {isa = PBXBuildFile; fileRef = 73C7745F2BB41E45002AD4E3 /* GameMode.swift */; };
		73C774622BB41E50002AD4E3 /* GameSource.swift in Sources */ = {isa = PBXBuildFile; fileRef = 73C774612BB41E50002AD4E3 /* GameSource.swift */; };
		73C774642BB41E5B002AD4E3 /* NavigationItem.swift in Sources */ = {isa = PBXBuildFile; fileRef = 73C774632BB41E5B002AD4E3 /* NavigationItem.swift */; };
		73C774662BB41E67002AD4E3 /* Pack.swift in Sources */ = {isa = PBXBuildFile; fileRef = 73C774652BB41E67002AD4E3 /* Pack.swift */; };
		73C774682BB41E8D002AD4E3 /* GameSetupModuleView.swift in Sources */ = {isa = PBXBuildFile; fileRef = 73C774672BB41E8D002AD4E3 /* GameSetupModuleView.swift */; };
		73C7746A2BB41EAB002AD4E3 /* GameModuleView.swift in Sources */ = {isa = PBXBuildFile; fileRef = 73C774692BB41EAB002AD4E3 /* GameModuleView.swift */; };
		73C7746C2BB41EDE002AD4E3 /* LanguagePickerModuleView.swift in Sources */ = {isa = PBXBuildFile; fileRef = 73C7746B2BB41EDE002AD4E3 /* LanguagePickerModuleView.swift */; };
		73C7746E2BB41EF1002AD4E3 /* SettingsModuleView.swift in Sources */ = {isa = PBXBuildFile; fileRef = 73C7746D2BB41EF1002AD4E3 /* SettingsModuleView.swift */; };
		73C774702BB41F1D002AD4E3 /* UINavigation+SwipeBack.swift in Sources */ = {isa = PBXBuildFile; fileRef = 73C7746F2BB41F1D002AD4E3 /* UINavigation+SwipeBack.swift */; };
		73C774722BB41F2C002AD4E3 /* NotificationName+Deeplink.swift in Sources */ = {isa = PBXBuildFile; fileRef = 73C774712BB41F2C002AD4E3 /* NotificationName+Deeplink.swift */; };
		73C774742BB42D5E002AD4E3 /* HomescreenModuleBuilder.swift in Sources */ = {isa = PBXBuildFile; fileRef = 73C774732BB42D5E002AD4E3 /* HomescreenModuleBuilder.swift */; };
		73C774762BB42DA5002AD4E3 /* HomescreenModuleViewModel.swift in Sources */ = {isa = PBXBuildFile; fileRef = 73C774752BB42DA5002AD4E3 /* HomescreenModuleViewModel.swift */; };
		73C774782BB432A4002AD4E3 /* SettingsModuleViewModel.swift in Sources */ = {isa = PBXBuildFile; fileRef = 73C774772BB432A4002AD4E3 /* SettingsModuleViewModel.swift */; };
		73C7747A2BB43306002AD4E3 /* SettingsModuleBuilder.swift in Sources */ = {isa = PBXBuildFile; fileRef = 73C774792BB43306002AD4E3 /* SettingsModuleBuilder.swift */; };
/* End PBXBuildFile section */

/* Begin PBXFileReference section */
		73C7743A2BB41983002AD4E3 /* NavigationStackMVVM.app */ = {isa = PBXFileReference; explicitFileType = wrapper.application; includeInIndex = 0; path = NavigationStackMVVM.app; sourceTree = BUILT_PRODUCTS_DIR; };
		73C7743D2BB41983002AD4E3 /* NavigationStackMVVMApp.swift */ = {isa = PBXFileReference; lastKnownFileType = sourcecode.swift; path = NavigationStackMVVMApp.swift; sourceTree = "<group>"; };
		73C7743F2BB41983002AD4E3 /* HomescreenModuleView.swift */ = {isa = PBXFileReference; lastKnownFileType = sourcecode.swift; path = HomescreenModuleView.swift; sourceTree = "<group>"; };
		73C774412BB41984002AD4E3 /* Assets.xcassets */ = {isa = PBXFileReference; lastKnownFileType = folder.assetcatalog; path = Assets.xcassets; sourceTree = "<group>"; };
		73C774442BB41984002AD4E3 /* Preview Assets.xcassets */ = {isa = PBXFileReference; lastKnownFileType = folder.assetcatalog; path = "Preview Assets.xcassets"; sourceTree = "<group>"; };
		73C774552BB41DC8002AD4E3 /* BackButton.swift */ = {isa = PBXFileReference; lastKnownFileType = sourcecode.swift; path = BackButton.swift; sourceTree = "<group>"; };
		73C774572BB41DD7002AD4E3 /* HeaderView.swift */ = {isa = PBXFileReference; lastKnownFileType = sourcecode.swift; path = HeaderView.swift; sourceTree = "<group>"; };
		73C774592BB41DED002AD4E3 /* NavigationController.swift */ = {isa = PBXFileReference; lastKnownFileType = sourcecode.swift; path = NavigationController.swift; sourceTree = "<group>"; };
		73C7745B2BB41E2D002AD4E3 /* Card.swift */ = {isa = PBXFileReference; lastKnownFileType = sourcecode.swift; path = Card.swift; sourceTree = "<group>"; };
		73C7745D2BB41E3A002AD4E3 /* GameConfig.swift */ = {isa = PBXFileReference; lastKnownFileType = sourcecode.swift; path = GameConfig.swift; sourceTree = "<group>"; };
		73C7745F2BB41E45002AD4E3 /* GameMode.swift */ = {isa = PBXFileReference; lastKnownFileType = sourcecode.swift; path = GameMode.swift; sourceTree = "<group>"; };
		73C774612BB41E50002AD4E3 /* GameSource.swift */ = {isa = PBXFileReference; lastKnownFileType = sourcecode.swift; path = GameSource.swift; sourceTree = "<group>"; };
		73C774632BB41E5B002AD4E3 /* NavigationItem.swift */ = {isa = PBXFileReference; lastKnownFileType = sourcecode.swift; path = NavigationItem.swift; sourceTree = "<group>"; };
		73C774652BB41E67002AD4E3 /* Pack.swift */ = {isa = PBXFileReference; lastKnownFileType = sourcecode.swift; path = Pack.swift; sourceTree = "<group>"; };
		73C774672BB41E8D002AD4E3 /* GameSetupModuleView.swift */ = {isa = PBXFileReference; lastKnownFileType = sourcecode.swift; path = GameSetupModuleView.swift; sourceTree = "<group>"; };
		73C774692BB41EAB002AD4E3 /* GameModuleView.swift */ = {isa = PBXFileReference; lastKnownFileType = sourcecode.swift; path = GameModuleView.swift; sourceTree = "<group>"; };
		73C7746B2BB41EDE002AD4E3 /* LanguagePickerModuleView.swift */ = {isa = PBXFileReference; lastKnownFileType = sourcecode.swift; path = LanguagePickerModuleView.swift; sourceTree = "<group>"; };
		73C7746D2BB41EF1002AD4E3 /* SettingsModuleView.swift */ = {isa = PBXFileReference; lastKnownFileType = sourcecode.swift; path = SettingsModuleView.swift; sourceTree = "<group>"; };
		73C7746F2BB41F1D002AD4E3 /* UINavigation+SwipeBack.swift */ = {isa = PBXFileReference; lastKnownFileType = sourcecode.swift; path = "UINavigation+SwipeBack.swift"; sourceTree = "<group>"; };
		73C774712BB41F2C002AD4E3 /* NotificationName+Deeplink.swift */ = {isa = PBXFileReference; lastKnownFileType = sourcecode.swift; path = "NotificationName+Deeplink.swift"; sourceTree = "<group>"; };
		73C774732BB42D5E002AD4E3 /* HomescreenModuleBuilder.swift */ = {isa = PBXFileReference; lastKnownFileType = sourcecode.swift; path = HomescreenModuleBuilder.swift; sourceTree = "<group>"; };
		73C774752BB42DA5002AD4E3 /* HomescreenModuleViewModel.swift */ = {isa = PBXFileReference; lastKnownFileType = sourcecode.swift; path = HomescreenModuleViewModel.swift; sourceTree = "<group>"; };
		73C774772BB432A4002AD4E3 /* SettingsModuleViewModel.swift */ = {isa = PBXFileReference; lastKnownFileType = sourcecode.swift; path = SettingsModuleViewModel.swift; sourceTree = "<group>"; };
		73C774792BB43306002AD4E3 /* SettingsModuleBuilder.swift */ = {isa = PBXFileReference; lastKnownFileType = sourcecode.swift; path = SettingsModuleBuilder.swift; sourceTree = "<group>"; };
/* End PBXFileReference section */

/* Begin PBXFrameworksBuildPhase section */
		73C774372BB41983002AD4E3 /* Frameworks */ = {
			isa = PBXFrameworksBuildPhase;
			buildActionMask = 2147483647;
			files = (
			);
			runOnlyForDeploymentPostprocessing = 0;
		};
/* End PBXFrameworksBuildPhase section */

/* Begin PBXGroup section */
		73C774312BB41983002AD4E3 = {
			isa = PBXGroup;
			children = (
				73C7743C2BB41983002AD4E3 /* NavigationStackMVVM */,
				73C7743B2BB41983002AD4E3 /* Products */,
			);
			sourceTree = "<group>";
		};
		73C7743B2BB41983002AD4E3 /* Products */ = {
			isa = PBXGroup;
			children = (
				73C7743A2BB41983002AD4E3 /* NavigationStackMVVM.app */,
			);
			name = Products;
			sourceTree = "<group>";
		};
		73C7743C2BB41983002AD4E3 /* NavigationStackMVVM */ = {
			isa = PBXGroup;
			children = (
				73C7743D2BB41983002AD4E3 /* NavigationStackMVVMApp.swift */,
				73C774412BB41984002AD4E3 /* Assets.xcassets */,
				73C7744E2BB41D7B002AD4E3 /* Extensions */,
				73C7744C2BB41D6E002AD4E3 /* Models */,
				73C7744B2BB41D69002AD4E3 /* Modules */,
				73C774432BB41984002AD4E3 /* Preview Content */,
				73C7744F2BB41D81002AD4E3 /* Services */,
				73C7744D2BB41D77002AD4E3 /* Views */,
			);
			path = NavigationStackMVVM;
			sourceTree = "<group>";
		};
		73C774432BB41984002AD4E3 /* Preview Content */ = {
			isa = PBXGroup;
			children = (
				73C774442BB41984002AD4E3 /* Preview Assets.xcassets */,
			);
			path = "Preview Content";
			sourceTree = "<group>";
		};
		73C7744B2BB41D69002AD4E3 /* Modules */ = {
			isa = PBXGroup;
			children = (
				73C774542BB41DAD002AD4E3 /* Game */,
				73C774532BB41DA7002AD4E3 /* GameSetup */,
				73C774502BB41D8F002AD4E3 /* Homescreen */,
				73C774522BB41D9F002AD4E3 /* LanguagePicker */,
				73C774512BB41D9A002AD4E3 /* Settings */,
			);
			path = Modules;
			sourceTree = "<group>";
		};
		73C7744C2BB41D6E002AD4E3 /* Models */ = {
			isa = PBXGroup;
			children = (
				73C7745B2BB41E2D002AD4E3 /* Card.swift */,
				73C7745D2BB41E3A002AD4E3 /* GameConfig.swift */,
				73C7745F2BB41E45002AD4E3 /* GameMode.swift */,
				73C774612BB41E50002AD4E3 /* GameSource.swift */,
				73C774632BB41E5B002AD4E3 /* NavigationItem.swift */,
				73C774652BB41E67002AD4E3 /* Pack.swift */,
			);
			path = Models;
			sourceTree = "<group>";
		};
		73C7744D2BB41D77002AD4E3 /* Views */ = {
			isa = PBXGroup;
			children = (
				73C774552BB41DC8002AD4E3 /* BackButton.swift */,
				73C774572BB41DD7002AD4E3 /* HeaderView.swift */,
			);
			path = Views;
			sourceTree = "<group>";
		};
		73C7744E2BB41D7B002AD4E3 /* Extensions */ = {
			isa = PBXGroup;
			children = (
				73C774712BB41F2C002AD4E3 /* NotificationName+Deeplink.swift */,
				73C7746F2BB41F1D002AD4E3 /* UINavigation+SwipeBack.swift */,
			);
			path = Extensions;
			sourceTree = "<group>";
		};
		73C7744F2BB41D81002AD4E3 /* Services */ = {
			isa = PBXGroup;
			children = (
				73C774592BB41DED002AD4E3 /* NavigationController.swift */,
			);
			path = Services;
			sourceTree = "<group>";
		};
		73C774502BB41D8F002AD4E3 /* Homescreen */ = {
			isa = PBXGroup;
			children = (
				73C774732BB42D5E002AD4E3 /* HomescreenModuleBuilder.swift */,
				73C7743F2BB41983002AD4E3 /* HomescreenModuleView.swift */,
				73C774752BB42DA5002AD4E3 /* HomescreenModuleViewModel.swift */,
			);
			path = Homescreen;
			sourceTree = "<group>";
		};
		73C774512BB41D9A002AD4E3 /* Settings */ = {
			isa = PBXGroup;
			children = (
				73C774792BB43306002AD4E3 /* SettingsModuleBuilder.swift */,
				73C7746D2BB41EF1002AD4E3 /* SettingsModuleView.swift */,
				73C774772BB432A4002AD4E3 /* SettingsModuleViewModel.swift */,
			);
			path = Settings;
			sourceTree = "<group>";
		};
		73C774522BB41D9F002AD4E3 /* LanguagePicker */ = {
			isa = PBXGroup;
			children = (
				73C7746B2BB41EDE002AD4E3 /* LanguagePickerModuleView.swift */,
			);
			path = LanguagePicker;
			sourceTree = "<group>";
		};
		73C774532BB41DA7002AD4E3 /* GameSetup */ = {
			isa = PBXGroup;
			children = (
				73C774672BB41E8D002AD4E3 /* GameSetupModuleView.swift */,
			);
			path = GameSetup;
			sourceTree = "<group>";
		};
		73C774542BB41DAD002AD4E3 /* Game */ = {
			isa = PBXGroup;
			children = (
				73C774692BB41EAB002AD4E3 /* GameModuleView.swift */,
			);
			path = Game;
			sourceTree = "<group>";
		};
/* End PBXGroup section */

/* Begin PBXNativeTarget section */
		73C774392BB41983002AD4E3 /* NavigationStackMVVM */ = {
			isa = PBXNativeTarget;
			buildConfigurationList = 73C774482BB41984002AD4E3 /* Build configuration list for PBXNativeTarget "NavigationStackMVVM" */;
			buildPhases = (
				73C774362BB41983002AD4E3 /* Sources */,
				73C774372BB41983002AD4E3 /* Frameworks */,
				73C774382BB41983002AD4E3 /* Resources */,
			);
			buildRules = (
			);
			dependencies = (
			);
			name = NavigationStackMVVM;
			productName = NavigationStackMVVM;
			productReference = 73C7743A2BB41983002AD4E3 /* NavigationStackMVVM.app */;
			productType = "com.apple.product-type.application";
		};
/* End PBXNativeTarget section */

/* Begin PBXProject section */
		73C774322BB41983002AD4E3 /* Project object */ = {
			isa = PBXProject;
			attributes = {
				BuildIndependentTargetsInParallel = 1;
				LastSwiftUpdateCheck = 1530;
				LastUpgradeCheck = 1530;
				TargetAttributes = {
					73C774392BB41983002AD4E3 = {
						CreatedOnToolsVersion = 15.3;
					};
				};
			};
			buildConfigurationList = 73C774352BB41983002AD4E3 /* Build configuration list for PBXProject "NavigationStackMVVM" */;
			compatibilityVersion = "Xcode 14.0";
			developmentRegion = en;
			hasScannedForEncodings = 0;
			knownRegions = (
				en,
				Base,
			);
			mainGroup = 73C774312BB41983002AD4E3;
			productRefGroup = 73C7743B2BB41983002AD4E3 /* Products */;
			projectDirPath = "";
			projectRoot = "";
			targets = (
				73C774392BB41983002AD4E3 /* NavigationStackMVVM */,
			);
		};
/* End PBXProject section */

/* Begin PBXResourcesBuildPhase section */
		73C774382BB41983002AD4E3 /* Resources */ = {
			isa = PBXResourcesBuildPhase;
			buildActionMask = 2147483647;
			files = (
				73C774452BB41984002AD4E3 /* Preview Assets.xcassets in Resources */,
				73C774422BB41984002AD4E3 /* Assets.xcassets in Resources */,
			);
			runOnlyForDeploymentPostprocessing = 0;
		};
/* End PBXResourcesBuildPhase section */

/* Begin PBXSourcesBuildPhase section */
		73C774362BB41983002AD4E3 /* Sources */ = {
			isa = PBXSourcesBuildPhase;
			buildActionMask = 2147483647;
			files = (
				73C774682BB41E8D002AD4E3 /* GameSetupModuleView.swift in Sources */,
				73C774602BB41E45002AD4E3 /* GameMode.swift in Sources */,
				73C774762BB42DA5002AD4E3 /* HomescreenModuleViewModel.swift in Sources */,
				73C774402BB41983002AD4E3 /* HomescreenModuleView.swift in Sources */,
				73C7745C2BB41E2D002AD4E3 /* Card.swift in Sources */,
				73C7746E2BB41EF1002AD4E3 /* SettingsModuleView.swift in Sources */,
				73C7745E2BB41E3A002AD4E3 /* GameConfig.swift in Sources */,
				73C774782BB432A4002AD4E3 /* SettingsModuleViewModel.swift in Sources */,
				73C774742BB42D5E002AD4E3 /* HomescreenModuleBuilder.swift in Sources */,
				73C7743E2BB41983002AD4E3 /* NavigationStackMVVMApp.swift in Sources */,
				73C7745A2BB41DED002AD4E3 /* NavigationController.swift in Sources */,
				73C774722BB41F2C002AD4E3 /* NotificationName+Deeplink.swift in Sources */,
				73C774642BB41E5B002AD4E3 /* NavigationItem.swift in Sources */,
				73C7747A2BB43306002AD4E3 /* SettingsModuleBuilder.swift in Sources */,
				73C774702BB41F1D002AD4E3 /* UINavigation+SwipeBack.swift in Sources */,
				73C774662BB41E67002AD4E3 /* Pack.swift in Sources */,
				73C774562BB41DC8002AD4E3 /* BackButton.swift in Sources */,
				73C7746C2BB41EDE002AD4E3 /* LanguagePickerModuleView.swift in Sources */,
				73C774582BB41DD7002AD4E3 /* HeaderView.swift in Sources */,
				73C7746A2BB41EAB002AD4E3 /* GameModuleView.swift in Sources */,
				73C774622BB41E50002AD4E3 /* GameSource.swift in Sources */,
			);
			runOnlyForDeploymentPostprocessing = 0;
		};
/* End PBXSourcesBuildPhase section */

/* Begin XCBuildConfiguration section */
		73C774462BB41984002AD4E3 /* Debug */ = {
			isa = XCBuildConfiguration;
			buildSettings = {
				ALWAYS_SEARCH_USER_PATHS = NO;
				ASSETCATALOG_COMPILER_GENERATE_SWIFT_ASSET_SYMBOL_EXTENSIONS = YES;
				CLANG_ANALYZER_NONNULL = YES;
				CLANG_ANALYZER_NUMBER_OBJECT_CONVERSION = YES_AGGRESSIVE;
				CLANG_CXX_LANGUAGE_STANDARD = "gnu++20";
				CLANG_ENABLE_MODULES = YES;
				CLANG_ENABLE_OBJC_ARC = YES;
				CLANG_ENABLE_OBJC_WEAK = YES;
				CLANG_WARN_BLOCK_CAPTURE_AUTORELEASING = YES;
				CLANG_WARN_BOOL_CONVERSION = YES;
				CLANG_WARN_COMMA = YES;
				CLANG_WARN_CONSTANT_CONVERSION = YES;
				CLANG_WARN_DEPRECATED_OBJC_IMPLEMENTATIONS = YES;
				CLANG_WARN_DIRECT_OBJC_ISA_USAGE = YES_ERROR;
				CLANG_WARN_DOCUMENTATION_COMMENTS = YES;
				CLANG_WARN_EMPTY_BODY = YES;
				CLANG_WARN_ENUM_CONVERSION = YES;
				CLANG_WARN_INFINITE_RECURSION = YES;
				CLANG_WARN_INT_CONVERSION = YES;
				CLANG_WARN_NON_LITERAL_NULL_CONVERSION = YES;
				CLANG_WARN_OBJC_IMPLICIT_RETAIN_SELF = YES;
				CLANG_WARN_OBJC_LITERAL_CONVERSION = YES;
				CLANG_WARN_OBJC_ROOT_CLASS = YES_ERROR;
				CLANG_WARN_QUOTED_INCLUDE_IN_FRAMEWORK_HEADER = YES;
				CLANG_WARN_RANGE_LOOP_ANALYSIS = YES;
				CLANG_WARN_STRICT_PROTOTYPES = YES;
				CLANG_WARN_SUSPICIOUS_MOVE = YES;
				CLANG_WARN_UNGUARDED_AVAILABILITY = YES_AGGRESSIVE;
				CLANG_WARN_UNREACHABLE_CODE = YES;
				CLANG_WARN__DUPLICATE_METHOD_MATCH = YES;
				COPY_PHASE_STRIP = NO;
				DEBUG_INFORMATION_FORMAT = dwarf;
				ENABLE_STRICT_OBJC_MSGSEND = YES;
				ENABLE_TESTABILITY = YES;
				ENABLE_USER_SCRIPT_SANDBOXING = YES;
				GCC_C_LANGUAGE_STANDARD = gnu17;
				GCC_DYNAMIC_NO_PIC = NO;
				GCC_NO_COMMON_BLOCKS = YES;
				GCC_OPTIMIZATION_LEVEL = 0;
				GCC_PREPROCESSOR_DEFINITIONS = (
					"DEBUG=1",
					"$(inherited)",
				);
				GCC_WARN_64_TO_32_BIT_CONVERSION = YES;
				GCC_WARN_ABOUT_RETURN_TYPE = YES_ERROR;
				GCC_WARN_UNDECLARED_SELECTOR = YES;
				GCC_WARN_UNINITIALIZED_AUTOS = YES_AGGRESSIVE;
				GCC_WARN_UNUSED_FUNCTION = YES;
				GCC_WARN_UNUSED_VARIABLE = YES;
				IPHONEOS_DEPLOYMENT_TARGET = 17.4;
				LOCALIZATION_PREFERS_STRING_CATALOGS = YES;
				MTL_ENABLE_DEBUG_INFO = INCLUDE_SOURCE;
				MTL_FAST_MATH = YES;
				ONLY_ACTIVE_ARCH = YES;
				SDKROOT = iphoneos;
				SWIFT_ACTIVE_COMPILATION_CONDITIONS = "DEBUG $(inherited)";
				SWIFT_OPTIMIZATION_LEVEL = "-Onone";
			};
			name = Debug;
		};
		73C774472BB41984002AD4E3 /* Release */ = {
			isa = XCBuildConfiguration;
			buildSettings = {
				ALWAYS_SEARCH_USER_PATHS = NO;
				ASSETCATALOG_COMPILER_GENERATE_SWIFT_ASSET_SYMBOL_EXTENSIONS = YES;
				CLANG_ANALYZER_NONNULL = YES;
				CLANG_ANALYZER_NUMBER_OBJECT_CONVERSION = YES_AGGRESSIVE;
				CLANG_CXX_LANGUAGE_STANDARD = "gnu++20";
				CLANG_ENABLE_MODULES = YES;
				CLANG_ENABLE_OBJC_ARC = YES;
				CLANG_ENABLE_OBJC_WEAK = YES;
				CLANG_WARN_BLOCK_CAPTURE_AUTORELEASING = YES;
				CLANG_WARN_BOOL_CONVERSION = YES;
				CLANG_WARN_COMMA = YES;
				CLANG_WARN_CONSTANT_CONVERSION = YES;
				CLANG_WARN_DEPRECATED_OBJC_IMPLEMENTATIONS = YES;
				CLANG_WARN_DIRECT_OBJC_ISA_USAGE = YES_ERROR;
				CLANG_WARN_DOCUMENTATION_COMMENTS = YES;
				CLANG_WARN_EMPTY_BODY = YES;
				CLANG_WARN_ENUM_CONVERSION = YES;
				CLANG_WARN_INFINITE_RECURSION = YES;
				CLANG_WARN_INT_CONVERSION = YES;
				CLANG_WARN_NON_LITERAL_NULL_CONVERSION = YES;
				CLANG_WARN_OBJC_IMPLICIT_RETAIN_SELF = YES;
				CLANG_WARN_OBJC_LITERAL_CONVERSION = YES;
				CLANG_WARN_OBJC_ROOT_CLASS = YES_ERROR;
				CLANG_WARN_QUOTED_INCLUDE_IN_FRAMEWORK_HEADER = YES;
				CLANG_WARN_RANGE_LOOP_ANALYSIS = YES;
				CLANG_WARN_STRICT_PROTOTYPES = YES;
				CLANG_WARN_SUSPICIOUS_MOVE = YES;
				CLANG_WARN_UNGUARDED_AVAILABILITY = YES_AGGRESSIVE;
				CLANG_WARN_UNREACHABLE_CODE = YES;
				CLANG_WARN__DUPLICATE_METHOD_MATCH = YES;
				COPY_PHASE_STRIP = NO;
				DEBUG_INFORMATION_FORMAT = "dwarf-with-dsym";
				ENABLE_NS_ASSERTIONS = NO;
				ENABLE_STRICT_OBJC_MSGSEND = YES;
				ENABLE_USER_SCRIPT_SANDBOXING = YES;
				GCC_C_LANGUAGE_STANDARD = gnu17;
				GCC_NO_COMMON_BLOCKS = YES;
				GCC_WARN_64_TO_32_BIT_CONVERSION = YES;
				GCC_WARN_ABOUT_RETURN_TYPE = YES_ERROR;
				GCC_WARN_UNDECLARED_SELECTOR = YES;
				GCC_WARN_UNINITIALIZED_AUTOS = YES_AGGRESSIVE;
				GCC_WARN_UNUSED_FUNCTION = YES;
				GCC_WARN_UNUSED_VARIABLE = YES;
				IPHONEOS_DEPLOYMENT_TARGET = 17.4;
				LOCALIZATION_PREFERS_STRING_CATALOGS = YES;
				MTL_ENABLE_DEBUG_INFO = NO;
				MTL_FAST_MATH = YES;
				SDKROOT = iphoneos;
				SWIFT_COMPILATION_MODE = wholemodule;
				VALIDATE_PRODUCT = YES;
			};
			name = Release;
		};
		73C774492BB41984002AD4E3 /* Debug */ = {
			isa = XCBuildConfiguration;
			buildSettings = {
				ASSETCATALOG_COMPILER_APPICON_NAME = AppIcon;
				ASSETCATALOG_COMPILER_GLOBAL_ACCENT_COLOR_NAME = AccentColor;
				CODE_SIGN_STYLE = Automatic;
				CURRENT_PROJECT_VERSION = 1;
				DEVELOPMENT_ASSET_PATHS = "\"NavigationStackMVVM/Preview Content\"";
				DEVELOPMENT_TEAM = 68Y6PK33C5;
				ENABLE_PREVIEWS = YES;
				GENERATE_INFOPLIST_FILE = YES;
				INFOPLIST_KEY_UIApplicationSceneManifest_Generation = YES;
				INFOPLIST_KEY_UIApplicationSupportsIndirectInputEvents = YES;
				INFOPLIST_KEY_UILaunchScreen_Generation = YES;
				INFOPLIST_KEY_UISupportedInterfaceOrientations_iPad = "UIInterfaceOrientationPortrait UIInterfaceOrientationPortraitUpsideDown UIInterfaceOrientationLandscapeLeft UIInterfaceOrientationLandscapeRight";
				INFOPLIST_KEY_UISupportedInterfaceOrientations_iPhone = "UIInterfaceOrientationPortrait UIInterfaceOrientationLandscapeLeft UIInterfaceOrientationLandscapeRight";
				IPHONEOS_DEPLOYMENT_TARGET = 16.0;
				LD_RUNPATH_SEARCH_PATHS = (
					"$(inherited)",
					"@executable_path/Frameworks",
				);
				MARKETING_VERSION = 1.0;
				PRODUCT_BUNDLE_IDENTIFIER = MK.NavigationStackMVVM;
				PRODUCT_NAME = "$(TARGET_NAME)";
				SUPPORTED_PLATFORMS = "iphoneos iphonesimulator";
				SUPPORTS_MACCATALYST = NO;
				SUPPORTS_MAC_DESIGNED_FOR_IPHONE_IPAD = NO;
				SUPPORTS_XR_DESIGNED_FOR_IPHONE_IPAD = NO;
				SWIFT_EMIT_LOC_STRINGS = YES;
				SWIFT_VERSION = 5.0;
				TARGETED_DEVICE_FAMILY = 1;
			};
			name = Debug;
		};
		73C7744A2BB41984002AD4E3 /* Release */ = {
			isa = XCBuildConfiguration;
			buildSettings = {
				ASSETCATALOG_COMPILER_APPICON_NAME = AppIcon;
				ASSETCATALOG_COMPILER_GLOBAL_ACCENT_COLOR_NAME = AccentColor;
				CODE_SIGN_STYLE = Automatic;
				CURRENT_PROJECT_VERSION = 1;
				DEVELOPMENT_ASSET_PATHS = "\"NavigationStackMVVM/Preview Content\"";
				DEVELOPMENT_TEAM = 68Y6PK33C5;
				ENABLE_PREVIEWS = YES;
				GENERATE_INFOPLIST_FILE = YES;
				INFOPLIST_KEY_UIApplicationSceneManifest_Generation = YES;
				INFOPLIST_KEY_UIApplicationSupportsIndirectInputEvents = YES;
				INFOPLIST_KEY_UILaunchScreen_Generation = YES;
				INFOPLIST_KEY_UISupportedInterfaceOrientations_iPad = "UIInterfaceOrientationPortrait UIInterfaceOrientationPortraitUpsideDown UIInterfaceOrientationLandscapeLeft UIInterfaceOrientationLandscapeRight";
				INFOPLIST_KEY_UISupportedInterfaceOrientations_iPhone = "UIInterfaceOrientationPortrait UIInterfaceOrientationLandscapeLeft UIInterfaceOrientationLandscapeRight";
				IPHONEOS_DEPLOYMENT_TARGET = 16.0;
				LD_RUNPATH_SEARCH_PATHS = (
					"$(inherited)",
					"@executable_path/Frameworks",
				);
				MARKETING_VERSION = 1.0;
				PRODUCT_BUNDLE_IDENTIFIER = MK.NavigationStackMVVM;
				PRODUCT_NAME = "$(TARGET_NAME)";
				SUPPORTED_PLATFORMS = "iphoneos iphonesimulator";
				SUPPORTS_MACCATALYST = NO;
				SUPPORTS_MAC_DESIGNED_FOR_IPHONE_IPAD = NO;
				SUPPORTS_XR_DESIGNED_FOR_IPHONE_IPAD = NO;
				SWIFT_EMIT_LOC_STRINGS = YES;
				SWIFT_VERSION = 5.0;
				TARGETED_DEVICE_FAMILY = 1;
			};
			name = Release;
		};
/* End XCBuildConfiguration section */

/* Begin XCConfigurationList section */
		73C774352BB41983002AD4E3 /* Build configuration list for PBXProject "NavigationStackMVVM" */ = {
			isa = XCConfigurationList;
			buildConfigurations = (
				73C774462BB41984002AD4E3 /* Debug */,
				73C774472BB41984002AD4E3 /* Release */,
			);
			defaultConfigurationIsVisible = 0;
			defaultConfigurationName = Release;
		};
		73C774482BB41984002AD4E3 /* Build configuration list for PBXNativeTarget "NavigationStackMVVM" */ = {
			isa = XCConfigurationList;
			buildConfigurations = (
				73C774492BB41984002AD4E3 /* Debug */,
				73C7744A2BB41984002AD4E3 /* Release */,
			);
			defaultConfigurationIsVisible = 0;
			defaultConfigurationName = Release;
		};
/* End XCConfigurationList section */
	};
	rootObject = 73C774322BB41983002AD4E3 /* Project object */;
}
