// !$*UTF8*$!
{
	archiveVersion = 1;
	classes = {
	};
	objectVersion = 56;
	objects = {

/* Begin PBXBuildFile section */
		735837B12BB6AE2200A3546F /* NavigationStackMVVMWithNavigationPathApp.swift in Sources */ = {isa = PBXBuildFile; fileRef = 735837B02BB6AE2200A3546F /* NavigationStackMVVMWithNavigationPathApp.swift */; };
		735837B52BB6AE2300A3546F /* Assets.xcassets in Resources */ = {isa = PBXBuildFile; fileRef = 735837B42BB6AE2300A3546F /* Assets.xcassets */; };
		735837B82BB6AE2300A3546F /* Preview Assets.xcassets in Resources */ = {isa = PBXBuildFile; fileRef = 735837B72BB6AE2300A3546F /* Preview Assets.xcassets */; };
		735837C32BB6AEFB00A3546F /* Pack.swift in Sources */ = {isa = PBXBuildFile; fileRef = 735837C22BB6AEFB00A3546F /* Pack.swift */; };
		735837C52BB6AF0400A3546F /* Card.swift in Sources */ = {isa = PBXBuildFile; fileRef = 735837C42BB6AF0400A3546F /* Card.swift */; };
		735837C72BB6AF0B00A3546F /* GameMode.swift in Sources */ = {isa = PBXBuildFile; fileRef = 735837C62BB6AF0B00A3546F /* GameMode.swift */; };
		735837C92BB6AF1200A3546F /* GameConfig.swift in Sources */ = {isa = PBXBuildFile; fileRef = 735837C82BB6AF1200A3546F /* GameConfig.swift */; };
		735837CB2BB6AF3F00A3546F /* GameSource.swift in Sources */ = {isa = PBXBuildFile; fileRef = 735837CA2BB6AF3F00A3546F /* GameSource.swift */; };
		735837D02BB6B1B200A3546F /* UINavigation+SwipeBack.swift in Sources */ = {isa = PBXBuildFile; fileRef = 735837CF2BB6B1B200A3546F /* UINavigation+SwipeBack.swift */; };
		735837D22BB6B1C700A3546F /* BackButton.swift in Sources */ = {isa = PBXBuildFile; fileRef = 735837D12BB6B1C700A3546F /* BackButton.swift */; };
		735837D42BB6B1CD00A3546F /* HeaderView.swift in Sources */ = {isa = PBXBuildFile; fileRef = 735837D32BB6B1CD00A3546F /* HeaderView.swift */; };
		735837DB2BB6B23700A3546F /* HomescreenModuleView.swift in Sources */ = {isa = PBXBuildFile; fileRef = 735837DA2BB6B23700A3546F /* HomescreenModuleView.swift */; };
		735837DD2BB6B24500A3546F /* HomescreenModuleViewModel.swift in Sources */ = {isa = PBXBuildFile; fileRef = 735837DC2BB6B24500A3546F /* HomescreenModuleViewModel.swift */; };
		735837DF2BB6B25100A3546F /* HomescreenModuleBuilder.swift in Sources */ = {isa = PBXBuildFile; fileRef = 735837DE2BB6B25100A3546F /* HomescreenModuleBuilder.swift */; };
		735837E12BB6B26A00A3546F /* HomescreenModuleNavigationItem.swift in Sources */ = {isa = PBXBuildFile; fileRef = 735837E02BB6B26A00A3546F /* HomescreenModuleNavigationItem.swift */; };
		738170B02BB6BA3800415B63 /* ActionWithHaptics.swift in Sources */ = {isa = PBXBuildFile; fileRef = 738170AF2BB6BA3800415B63 /* ActionWithHaptics.swift */; };
		738170B32BB6BABF00415B63 /* View+ActionWiithHapticsViewModifier.swift in Sources */ = {isa = PBXBuildFile; fileRef = 738170B22BB6BABF00415B63 /* View+ActionWiithHapticsViewModifier.swift */; };
		738170B52BB6BC8D00415B63 /* SettingsModuleView.swift in Sources */ = {isa = PBXBuildFile; fileRef = 738170B42BB6BC8D00415B63 /* SettingsModuleView.swift */; };
		738170B72BB6BC9400415B63 /* SettingsModuleViewModel.swift in Sources */ = {isa = PBXBuildFile; fileRef = 738170B62BB6BC9400415B63 /* SettingsModuleViewModel.swift */; };
		738170B92BB6BC9C00415B63 /* SettingsModuleBuilder.swift in Sources */ = {isa = PBXBuildFile; fileRef = 738170B82BB6BC9C00415B63 /* SettingsModuleBuilder.swift */; };
		738170BD2BB6C31100415B63 /* LanguagePickerModuleView.swift in Sources */ = {isa = PBXBuildFile; fileRef = 738170BC2BB6C31100415B63 /* LanguagePickerModuleView.swift */; };
		738170C32BB6DB5300415B63 /* GameSetupModuleView.swift in Sources */ = {isa = PBXBuildFile; fileRef = 738170C22BB6DB5300415B63 /* GameSetupModuleView.swift */; };
		738170C52BB6DB5900415B63 /* GameSetupModuleViewModel.swift in Sources */ = {isa = PBXBuildFile; fileRef = 738170C42BB6DB5900415B63 /* GameSetupModuleViewModel.swift */; };
		738170C72BB6DB6100415B63 /* GameSetupModuleModel.swift in Sources */ = {isa = PBXBuildFile; fileRef = 738170C62BB6DB6100415B63 /* GameSetupModuleModel.swift */; };
		738170C92BB6DB6800415B63 /* GameSetupModuleBuilder.swift in Sources */ = {isa = PBXBuildFile; fileRef = 738170C82BB6DB6800415B63 /* GameSetupModuleBuilder.swift */; };
		738170CB2BB6DB7000415B63 /* GameSetupModuleNavigationItem.swift in Sources */ = {isa = PBXBuildFile; fileRef = 738170CA2BB6DB7000415B63 /* GameSetupModuleNavigationItem.swift */; };
		738170CD2BB6E47100415B63 /* GameModuleView.swift in Sources */ = {isa = PBXBuildFile; fileRef = 738170CC2BB6E47100415B63 /* GameModuleView.swift */; };
		738170CF2BB6E47B00415B63 /* GameModuleBuilder.swift in Sources */ = {isa = PBXBuildFile; fileRef = 738170CE2BB6E47B00415B63 /* GameModuleBuilder.swift */; };
		738170D12BB6E48300415B63 /* GameModuleViewModel.swift in Sources */ = {isa = PBXBuildFile; fileRef = 738170D02BB6E48300415B63 /* GameModuleViewModel.swift */; };
		738170D32BB6E56800415B63 /* GameModuleDelegate.swift in Sources */ = {isa = PBXBuildFile; fileRef = 738170D22BB6E56800415B63 /* GameModuleDelegate.swift */; };
		738170D62BB6EE8A00415B63 /* NotificationName+Deeplink.swift in Sources */ = {isa = PBXBuildFile; fileRef = 738170D52BB6EE8A00415B63 /* NotificationName+Deeplink.swift */; };
		738170D82BB6EEF000415B63 /* LanguagePickerModuleViewModel.swift in Sources */ = {isa = PBXBuildFile; fileRef = 738170D72BB6EEF000415B63 /* LanguagePickerModuleViewModel.swift */; };
		738170DB2BB6F40B00415B63 /* PackDetailsModuleView.swift in Sources */ = {isa = PBXBuildFile; fileRef = 738170DA2BB6F40B00415B63 /* PackDetailsModuleView.swift */; };
		738170DD2BB6F41300415B63 /* PackDetailsModuleViewModel.swift in Sources */ = {isa = PBXBuildFile; fileRef = 738170DC2BB6F41300415B63 /* PackDetailsModuleViewModel.swift */; };
		738170DF2BB6F41B00415B63 /* PackDetailsModuleBuilder.swift in Sources */ = {isa = PBXBuildFile; fileRef = 738170DE2BB6F41B00415B63 /* PackDetailsModuleBuilder.swift */; };
		738170E12BB6F4D000415B63 /* PackDetailsModuleDelegate.swift in Sources */ = {isa = PBXBuildFile; fileRef = 738170E02BB6F4D000415B63 /* PackDetailsModuleDelegate.swift */; };
		738170E32BB6F5B700415B63 /* PackDetailsModuleModel.swift in Sources */ = {isa = PBXBuildFile; fileRef = 738170E22BB6F5B700415B63 /* PackDetailsModuleModel.swift */; };
		738170E52BB977FB00415B63 /* GameSetupModuleSheetType.swift in Sources */ = {isa = PBXBuildFile; fileRef = 738170E42BB977FB00415B63 /* GameSetupModuleSheetType.swift */; };
		738170E72BB992F100415B63 /* DeeplinkButton.swift in Sources */ = {isa = PBXBuildFile; fileRef = 738170E62BB992F100415B63 /* DeeplinkButton.swift */; };
		739599FD2BC6755400440B9C /* LanguagePickerModuleDelegate.swift in Sources */ = {isa = PBXBuildFile; fileRef = 739599FC2BC6755400440B9C /* LanguagePickerModuleDelegate.swift */; };
		73959A012BC6821B00440B9C /* Assemblerable.swift in Sources */ = {isa = PBXBuildFile; fileRef = 73959A002BC6821B00440B9C /* Assemblerable.swift */; };
		73959A052BC683D900440B9C /* Swinject in Frameworks */ = {isa = PBXBuildFile; productRef = 73959A042BC683D900440B9C /* Swinject */; };
		73959A092BC684F200440B9C /* HomescreenModuleAssembly.swift in Sources */ = {isa = PBXBuildFile; fileRef = 73959A082BC684F200440B9C /* HomescreenModuleAssembly.swift */; };
		73959A0B2BC686C600440B9C /* SettingsModuleAssembly.swift in Sources */ = {isa = PBXBuildFile; fileRef = 73959A0A2BC686C600440B9C /* SettingsModuleAssembly.swift */; };
		73959A0D2BC6877800440B9C /* LanguagePickerModuleAssembly.swift in Sources */ = {isa = PBXBuildFile; fileRef = 73959A0C2BC6877800440B9C /* LanguagePickerModuleAssembly.swift */; };
		73959A0F2BC6880300440B9C /* DependencyAssembly.swift in Sources */ = {isa = PBXBuildFile; fileRef = 73959A0E2BC6880300440B9C /* DependencyAssembly.swift */; };
		73959A112BC6897C00440B9C /* LanguagePickerModuleBuilder.swift in Sources */ = {isa = PBXBuildFile; fileRef = 73959A102BC6897C00440B9C /* LanguagePickerModuleBuilder.swift */; };
/* End PBXBuildFile section */

/* Begin PBXFileReference section */
		735837AD2BB6AE2200A3546F /* NavigationStackMVVMWithNavigationPath.app */ = {isa = PBXFileReference; explicitFileType = wrapper.application; includeInIndex = 0; path = NavigationStackMVVMWithNavigationPath.app; sourceTree = BUILT_PRODUCTS_DIR; };
		735837B02BB6AE2200A3546F /* NavigationStackMVVMWithNavigationPathApp.swift */ = {isa = PBXFileReference; lastKnownFileType = sourcecode.swift; path = NavigationStackMVVMWithNavigationPathApp.swift; sourceTree = "<group>"; };
		735837B42BB6AE2300A3546F /* Assets.xcassets */ = {isa = PBXFileReference; lastKnownFileType = folder.assetcatalog; path = Assets.xcassets; sourceTree = "<group>"; };
		735837B72BB6AE2300A3546F /* Preview Assets.xcassets */ = {isa = PBXFileReference; lastKnownFileType = folder.assetcatalog; path = "Preview Assets.xcassets"; sourceTree = "<group>"; };
		735837C22BB6AEFB00A3546F /* Pack.swift */ = {isa = PBXFileReference; lastKnownFileType = sourcecode.swift; path = Pack.swift; sourceTree = "<group>"; };
		735837C42BB6AF0400A3546F /* Card.swift */ = {isa = PBXFileReference; lastKnownFileType = sourcecode.swift; path = Card.swift; sourceTree = "<group>"; };
		735837C62BB6AF0B00A3546F /* GameMode.swift */ = {isa = PBXFileReference; lastKnownFileType = sourcecode.swift; path = GameMode.swift; sourceTree = "<group>"; };
		735837C82BB6AF1200A3546F /* GameConfig.swift */ = {isa = PBXFileReference; lastKnownFileType = sourcecode.swift; path = GameConfig.swift; sourceTree = "<group>"; };
		735837CA2BB6AF3F00A3546F /* GameSource.swift */ = {isa = PBXFileReference; lastKnownFileType = sourcecode.swift; path = GameSource.swift; sourceTree = "<group>"; };
		735837CF2BB6B1B200A3546F /* UINavigation+SwipeBack.swift */ = {isa = PBXFileReference; lastKnownFileType = sourcecode.swift; path = "UINavigation+SwipeBack.swift"; sourceTree = "<group>"; };
		735837D12BB6B1C700A3546F /* BackButton.swift */ = {isa = PBXFileReference; lastKnownFileType = sourcecode.swift; path = BackButton.swift; sourceTree = "<group>"; };
		735837D32BB6B1CD00A3546F /* HeaderView.swift */ = {isa = PBXFileReference; lastKnownFileType = sourcecode.swift; path = HeaderView.swift; sourceTree = "<group>"; };
		735837DA2BB6B23700A3546F /* HomescreenModuleView.swift */ = {isa = PBXFileReference; lastKnownFileType = sourcecode.swift; path = HomescreenModuleView.swift; sourceTree = "<group>"; };
		735837DC2BB6B24500A3546F /* HomescreenModuleViewModel.swift */ = {isa = PBXFileReference; lastKnownFileType = sourcecode.swift; path = HomescreenModuleViewModel.swift; sourceTree = "<group>"; };
		735837DE2BB6B25100A3546F /* HomescreenModuleBuilder.swift */ = {isa = PBXFileReference; lastKnownFileType = sourcecode.swift; path = HomescreenModuleBuilder.swift; sourceTree = "<group>"; };
		735837E02BB6B26A00A3546F /* HomescreenModuleNavigationItem.swift */ = {isa = PBXFileReference; lastKnownFileType = sourcecode.swift; path = HomescreenModuleNavigationItem.swift; sourceTree = "<group>"; };
		738170AF2BB6BA3800415B63 /* ActionWithHaptics.swift */ = {isa = PBXFileReference; lastKnownFileType = sourcecode.swift; path = ActionWithHaptics.swift; sourceTree = "<group>"; };
		738170B22BB6BABF00415B63 /* View+ActionWiithHapticsViewModifier.swift */ = {isa = PBXFileReference; lastKnownFileType = sourcecode.swift; path = "View+ActionWiithHapticsViewModifier.swift"; sourceTree = "<group>"; };
		738170B42BB6BC8D00415B63 /* SettingsModuleView.swift */ = {isa = PBXFileReference; lastKnownFileType = sourcecode.swift; path = SettingsModuleView.swift; sourceTree = "<group>"; };
		738170B62BB6BC9400415B63 /* SettingsModuleViewModel.swift */ = {isa = PBXFileReference; lastKnownFileType = sourcecode.swift; path = SettingsModuleViewModel.swift; sourceTree = "<group>"; };
		738170B82BB6BC9C00415B63 /* SettingsModuleBuilder.swift */ = {isa = PBXFileReference; lastKnownFileType = sourcecode.swift; path = SettingsModuleBuilder.swift; sourceTree = "<group>"; };
		738170BC2BB6C31100415B63 /* LanguagePickerModuleView.swift */ = {isa = PBXFileReference; lastKnownFileType = sourcecode.swift; path = LanguagePickerModuleView.swift; sourceTree = "<group>"; };
		738170C22BB6DB5300415B63 /* GameSetupModuleView.swift */ = {isa = PBXFileReference; lastKnownFileType = sourcecode.swift; path = GameSetupModuleView.swift; sourceTree = "<group>"; };
		738170C42BB6DB5900415B63 /* GameSetupModuleViewModel.swift */ = {isa = PBXFileReference; lastKnownFileType = sourcecode.swift; path = GameSetupModuleViewModel.swift; sourceTree = "<group>"; };
		738170C62BB6DB6100415B63 /* GameSetupModuleModel.swift */ = {isa = PBXFileReference; lastKnownFileType = sourcecode.swift; path = GameSetupModuleModel.swift; sourceTree = "<group>"; };
		738170C82BB6DB6800415B63 /* GameSetupModuleBuilder.swift */ = {isa = PBXFileReference; lastKnownFileType = sourcecode.swift; path = GameSetupModuleBuilder.swift; sourceTree = "<group>"; };
		738170CA2BB6DB7000415B63 /* GameSetupModuleNavigationItem.swift */ = {isa = PBXFileReference; lastKnownFileType = sourcecode.swift; path = GameSetupModuleNavigationItem.swift; sourceTree = "<group>"; };
		738170CC2BB6E47100415B63 /* GameModuleView.swift */ = {isa = PBXFileReference; lastKnownFileType = sourcecode.swift; path = GameModuleView.swift; sourceTree = "<group>"; };
		738170CE2BB6E47B00415B63 /* GameModuleBuilder.swift */ = {isa = PBXFileReference; lastKnownFileType = sourcecode.swift; path = GameModuleBuilder.swift; sourceTree = "<group>"; };
		738170D02BB6E48300415B63 /* GameModuleViewModel.swift */ = {isa = PBXFileReference; lastKnownFileType = sourcecode.swift; path = GameModuleViewModel.swift; sourceTree = "<group>"; };
		738170D22BB6E56800415B63 /* GameModuleDelegate.swift */ = {isa = PBXFileReference; lastKnownFileType = sourcecode.swift; path = GameModuleDelegate.swift; sourceTree = "<group>"; };
		738170D52BB6EE8A00415B63 /* NotificationName+Deeplink.swift */ = {isa = PBXFileReference; lastKnownFileType = sourcecode.swift; path = "NotificationName+Deeplink.swift"; sourceTree = "<group>"; };
		738170D72BB6EEF000415B63 /* LanguagePickerModuleViewModel.swift */ = {isa = PBXFileReference; lastKnownFileType = sourcecode.swift; path = LanguagePickerModuleViewModel.swift; sourceTree = "<group>"; };
		738170DA2BB6F40B00415B63 /* PackDetailsModuleView.swift */ = {isa = PBXFileReference; lastKnownFileType = sourcecode.swift; path = PackDetailsModuleView.swift; sourceTree = "<group>"; };
		738170DC2BB6F41300415B63 /* PackDetailsModuleViewModel.swift */ = {isa = PBXFileReference; lastKnownFileType = sourcecode.swift; path = PackDetailsModuleViewModel.swift; sourceTree = "<group>"; };
		738170DE2BB6F41B00415B63 /* PackDetailsModuleBuilder.swift */ = {isa = PBXFileReference; lastKnownFileType = sourcecode.swift; path = PackDetailsModuleBuilder.swift; sourceTree = "<group>"; };
		738170E02BB6F4D000415B63 /* PackDetailsModuleDelegate.swift */ = {isa = PBXFileReference; lastKnownFileType = sourcecode.swift; path = PackDetailsModuleDelegate.swift; sourceTree = "<group>"; };
		738170E22BB6F5B700415B63 /* PackDetailsModuleModel.swift */ = {isa = PBXFileReference; lastKnownFileType = sourcecode.swift; path = PackDetailsModuleModel.swift; sourceTree = "<group>"; };
		738170E42BB977FB00415B63 /* GameSetupModuleSheetType.swift */ = {isa = PBXFileReference; lastKnownFileType = sourcecode.swift; path = GameSetupModuleSheetType.swift; sourceTree = "<group>"; };
		738170E62BB992F100415B63 /* DeeplinkButton.swift */ = {isa = PBXFileReference; lastKnownFileType = sourcecode.swift; path = DeeplinkButton.swift; sourceTree = "<group>"; };
		739599FC2BC6755400440B9C /* LanguagePickerModuleDelegate.swift */ = {isa = PBXFileReference; lastKnownFileType = sourcecode.swift; path = LanguagePickerModuleDelegate.swift; sourceTree = "<group>"; };
		73959A002BC6821B00440B9C /* Assemblerable.swift */ = {isa = PBXFileReference; lastKnownFileType = sourcecode.swift; path = Assemblerable.swift; sourceTree = "<group>"; };
		73959A082BC684F200440B9C /* HomescreenModuleAssembly.swift */ = {isa = PBXFileReference; lastKnownFileType = sourcecode.swift; path = HomescreenModuleAssembly.swift; sourceTree = "<group>"; };
		73959A0A2BC686C600440B9C /* SettingsModuleAssembly.swift */ = {isa = PBXFileReference; lastKnownFileType = sourcecode.swift; path = SettingsModuleAssembly.swift; sourceTree = "<group>"; };
		73959A0C2BC6877800440B9C /* LanguagePickerModuleAssembly.swift */ = {isa = PBXFileReference; lastKnownFileType = sourcecode.swift; path = LanguagePickerModuleAssembly.swift; sourceTree = "<group>"; };
		73959A0E2BC6880300440B9C /* DependencyAssembly.swift */ = {isa = PBXFileReference; lastKnownFileType = sourcecode.swift; path = DependencyAssembly.swift; sourceTree = "<group>"; };
		73959A102BC6897C00440B9C /* LanguagePickerModuleBuilder.swift */ = {isa = PBXFileReference; lastKnownFileType = sourcecode.swift; path = LanguagePickerModuleBuilder.swift; sourceTree = "<group>"; };
/* End PBXFileReference section */

/* Begin PBXFrameworksBuildPhase section */
		735837AA2BB6AE2200A3546F /* Frameworks */ = {
			isa = PBXFrameworksBuildPhase;
			buildActionMask = 2147483647;
			files = (
				73959A052BC683D900440B9C /* Swinject in Frameworks */,
			);
			runOnlyForDeploymentPostprocessing = 0;
		};
/* End PBXFrameworksBuildPhase section */

/* Begin PBXGroup section */
		735837A42BB6AE2200A3546F = {
			isa = PBXGroup;
			children = (
				735837AF2BB6AE2200A3546F /* NavigationStackMVVMWithNavigationPath */,
				735837AE2BB6AE2200A3546F /* Products */,
			);
			sourceTree = "<group>";
		};
		735837AE2BB6AE2200A3546F /* Products */ = {
			isa = PBXGroup;
			children = (
				735837AD2BB6AE2200A3546F /* NavigationStackMVVMWithNavigationPath.app */,
			);
			name = Products;
			sourceTree = "<group>";
		};
		735837AF2BB6AE2200A3546F /* NavigationStackMVVMWithNavigationPath */ = {
			isa = PBXGroup;
			children = (
				735837B02BB6AE2200A3546F /* NavigationStackMVVMWithNavigationPathApp.swift */,
				735837B42BB6AE2300A3546F /* Assets.xcassets */,
				735837C12BB6AEE500A3546F /* Extensions */,
				735837C02BB6AEE000A3546F /* Models */,
				735837BF2BB6AEDB00A3546F /* Modules */,
				735837B62BB6AE2300A3546F /* Preview Content */,
				739599FF2BC6820F00440B9C /* Services */,
				738170AE2BB6BA2B00415B63 /* ViewModifiers */,
				735837BE2BB6AED600A3546F /* Views */,
			);
			path = NavigationStackMVVMWithNavigationPath;
			sourceTree = "<group>";
		};
		735837B62BB6AE2300A3546F /* Preview Content */ = {
			isa = PBXGroup;
			children = (
				735837B72BB6AE2300A3546F /* Preview Assets.xcassets */,
			);
			path = "Preview Content";
			sourceTree = "<group>";
		};
		735837BE2BB6AED600A3546F /* Views */ = {
			isa = PBXGroup;
			children = (
				735837D12BB6B1C700A3546F /* BackButton.swift */,
				735837D32BB6B1CD00A3546F /* HeaderView.swift */,
				738170E62BB992F100415B63 /* DeeplinkButton.swift */,
			);
			path = Views;
			sourceTree = "<group>";
		};
		735837BF2BB6AEDB00A3546F /* Modules */ = {
			isa = PBXGroup;
			children = (
				735837D92BB6B22000A3546F /* Game */,
				735837D82BB6B21900A3546F /* GameSetup */,
				735837D52BB6B20600A3546F /* Homescreen */,
				735837D72BB6B21200A3546F /* LanguagePicker */,
				738170D92BB6F3F100415B63 /* PackDetails */,
				735837D62BB6B20C00A3546F /* Settings */,
			);
			path = Modules;
			sourceTree = "<group>";
		};
		735837C02BB6AEE000A3546F /* Models */ = {
			isa = PBXGroup;
			children = (
				735837C42BB6AF0400A3546F /* Card.swift */,
				735837C82BB6AF1200A3546F /* GameConfig.swift */,
				735837C62BB6AF0B00A3546F /* GameMode.swift */,
				735837CA2BB6AF3F00A3546F /* GameSource.swift */,
				735837C22BB6AEFB00A3546F /* Pack.swift */,
			);
			path = Models;
			sourceTree = "<group>";
		};
		735837C12BB6AEE500A3546F /* Extensions */ = {
			isa = PBXGroup;
			children = (
				738170D42BB6EE7B00415B63 /* NotificationName */,
				738170B12BB6BA9F00415B63 /* View */,
				735837CE2BB6B1AC00A3546F /* UIKit */,
			);
			path = Extensions;
			sourceTree = "<group>";
		};
		735837CE2BB6B1AC00A3546F /* UIKit */ = {
			isa = PBXGroup;
			children = (
				735837CF2BB6B1B200A3546F /* UINavigation+SwipeBack.swift */,
			);
			path = UIKit;
			sourceTree = "<group>";
		};
		735837D52BB6B20600A3546F /* Homescreen */ = {
			isa = PBXGroup;
			children = (
				73959A082BC684F200440B9C /* HomescreenModuleAssembly.swift */,
				735837DE2BB6B25100A3546F /* HomescreenModuleBuilder.swift */,
				735837E02BB6B26A00A3546F /* HomescreenModuleNavigationItem.swift */,
				735837DA2BB6B23700A3546F /* HomescreenModuleView.swift */,
				735837DC2BB6B24500A3546F /* HomescreenModuleViewModel.swift */,
			);
			path = Homescreen;
			sourceTree = "<group>";
		};
		735837D62BB6B20C00A3546F /* Settings */ = {
			isa = PBXGroup;
			children = (
				73959A0A2BC686C600440B9C /* SettingsModuleAssembly.swift */,
				738170B82BB6BC9C00415B63 /* SettingsModuleBuilder.swift */,
				738170B42BB6BC8D00415B63 /* SettingsModuleView.swift */,
				738170B62BB6BC9400415B63 /* SettingsModuleViewModel.swift */,
			);
			path = Settings;
			sourceTree = "<group>";
		};
		735837D72BB6B21200A3546F /* LanguagePicker */ = {
			isa = PBXGroup;
			children = (
				73959A0C2BC6877800440B9C /* LanguagePickerModuleAssembly.swift */,
				73959A102BC6897C00440B9C /* LanguagePickerModuleBuilder.swift */,
				739599FC2BC6755400440B9C /* LanguagePickerModuleDelegate.swift */,
				738170BC2BB6C31100415B63 /* LanguagePickerModuleView.swift */,
				738170D72BB6EEF000415B63 /* LanguagePickerModuleViewModel.swift */,
			);
			path = LanguagePicker;
			sourceTree = "<group>";
		};
		735837D82BB6B21900A3546F /* GameSetup */ = {
			isa = PBXGroup;
			children = (
				738170C82BB6DB6800415B63 /* GameSetupModuleBuilder.swift */,
				738170C62BB6DB6100415B63 /* GameSetupModuleModel.swift */,
				738170CA2BB6DB7000415B63 /* GameSetupModuleNavigationItem.swift */,
				738170E42BB977FB00415B63 /* GameSetupModuleSheetType.swift */,
				738170C22BB6DB5300415B63 /* GameSetupModuleView.swift */,
				738170C42BB6DB5900415B63 /* GameSetupModuleViewModel.swift */,
			);
			path = GameSetup;
			sourceTree = "<group>";
		};
		735837D92BB6B22000A3546F /* Game */ = {
			isa = PBXGroup;
			children = (
				738170CE2BB6E47B00415B63 /* GameModuleBuilder.swift */,
				738170D22BB6E56800415B63 /* GameModuleDelegate.swift */,
				738170CC2BB6E47100415B63 /* GameModuleView.swift */,
				738170D02BB6E48300415B63 /* GameModuleViewModel.swift */,
			);
			path = Game;
			sourceTree = "<group>";
		};
		738170AE2BB6BA2B00415B63 /* ViewModifiers */ = {
			isa = PBXGroup;
			children = (
				738170AF2BB6BA3800415B63 /* ActionWithHaptics.swift */,
			);
			path = ViewModifiers;
			sourceTree = "<group>";
		};
		738170B12BB6BA9F00415B63 /* View */ = {
			isa = PBXGroup;
			children = (
				738170B22BB6BABF00415B63 /* View+ActionWiithHapticsViewModifier.swift */,
			);
			path = View;
			sourceTree = "<group>";
		};
		738170D42BB6EE7B00415B63 /* NotificationName */ = {
			isa = PBXGroup;
			children = (
				738170D52BB6EE8A00415B63 /* NotificationName+Deeplink.swift */,
			);
			path = NotificationName;
			sourceTree = "<group>";
		};
		738170D92BB6F3F100415B63 /* PackDetails */ = {
			isa = PBXGroup;
			children = (
				738170DE2BB6F41B00415B63 /* PackDetailsModuleBuilder.swift */,
				738170E02BB6F4D000415B63 /* PackDetailsModuleDelegate.swift */,
				738170E22BB6F5B700415B63 /* PackDetailsModuleModel.swift */,
				738170DA2BB6F40B00415B63 /* PackDetailsModuleView.swift */,
				738170DC2BB6F41300415B63 /* PackDetailsModuleViewModel.swift */,
			);
			path = PackDetails;
			sourceTree = "<group>";
		};
		739599FF2BC6820F00440B9C /* Services */ = {
			isa = PBXGroup;
			children = (
				73959A002BC6821B00440B9C /* Assemblerable.swift */,
				73959A0E2BC6880300440B9C /* DependencyAssembly.swift */,
			);
			path = Services;
			sourceTree = "<group>";
		};
/* End PBXGroup section */

/* Begin PBXNativeTarget section */
		735837AC2BB6AE2200A3546F /* NavigationStackMVVMWithNavigationPath */ = {
			isa = PBXNativeTarget;
			buildConfigurationList = 735837BB2BB6AE2300A3546F /* Build configuration list for PBXNativeTarget "NavigationStackMVVMWithNavigationPath" */;
			buildPhases = (
				735837A92BB6AE2200A3546F /* Sources */,
				735837AA2BB6AE2200A3546F /* Frameworks */,
				735837AB2BB6AE2200A3546F /* Resources */,
			);
			buildRules = (
			);
			dependencies = (
			);
			name = NavigationStackMVVMWithNavigationPath;
			packageProductDependencies = (
				73959A042BC683D900440B9C /* Swinject */,
			);
			productName = NavigationStackMVVMWithNavigationPath;
			productReference = 735837AD2BB6AE2200A3546F /* NavigationStackMVVMWithNavigationPath.app */;
			productType = "com.apple.product-type.application";
		};
/* End PBXNativeTarget section */

/* Begin PBXProject section */
		735837A52BB6AE2200A3546F /* Project object */ = {
			isa = PBXProject;
			attributes = {
				BuildIndependentTargetsInParallel = 1;
				LastSwiftUpdateCheck = 1530;
				LastUpgradeCheck = 1530;
				TargetAttributes = {
					735837AC2BB6AE2200A3546F = {
						CreatedOnToolsVersion = 15.3;
					};
				};
			};
			buildConfigurationList = 735837A82BB6AE2200A3546F /* Build configuration list for PBXProject "NavigationStackMVVMWithNavigationPath" */;
			compatibilityVersion = "Xcode 14.0";
			developmentRegion = en;
			hasScannedForEncodings = 0;
			knownRegions = (
				en,
				Base,
			);
			mainGroup = 735837A42BB6AE2200A3546F;
			packageReferences = (
				73959A032BC683D900440B9C /* XCRemoteSwiftPackageReference "Swinject" */,
			);
			productRefGroup = 735837AE2BB6AE2200A3546F /* Products */;
			projectDirPath = "";
			projectRoot = "";
			targets = (
				735837AC2BB6AE2200A3546F /* NavigationStackMVVMWithNavigationPath */,
			);
		};
/* End PBXProject section */

/* Begin PBXResourcesBuildPhase section */
		735837AB2BB6AE2200A3546F /* Resources */ = {
			isa = PBXResourcesBuildPhase;
			buildActionMask = 2147483647;
			files = (
				735837B82BB6AE2300A3546F /* Preview Assets.xcassets in Resources */,
				735837B52BB6AE2300A3546F /* Assets.xcassets in Resources */,
			);
			runOnlyForDeploymentPostprocessing = 0;
		};
/* End PBXResourcesBuildPhase section */

/* Begin PBXSourcesBuildPhase section */
		735837A92BB6AE2200A3546F /* Sources */ = {
			isa = PBXSourcesBuildPhase;
			buildActionMask = 2147483647;
			files = (
				738170DD2BB6F41300415B63 /* PackDetailsModuleViewModel.swift in Sources */,
				735837DB2BB6B23700A3546F /* HomescreenModuleView.swift in Sources */,
				735837DD2BB6B24500A3546F /* HomescreenModuleViewModel.swift in Sources */,
				738170B02BB6BA3800415B63 /* ActionWithHaptics.swift in Sources */,
				735837C72BB6AF0B00A3546F /* GameMode.swift in Sources */,
				738170B92BB6BC9C00415B63 /* SettingsModuleBuilder.swift in Sources */,
				735837DF2BB6B25100A3546F /* HomescreenModuleBuilder.swift in Sources */,
				738170CD2BB6E47100415B63 /* GameModuleView.swift in Sources */,
				738170C72BB6DB6100415B63 /* GameSetupModuleModel.swift in Sources */,
				738170B52BB6BC8D00415B63 /* SettingsModuleView.swift in Sources */,
				735837D02BB6B1B200A3546F /* UINavigation+SwipeBack.swift in Sources */,
				738170C52BB6DB5900415B63 /* GameSetupModuleViewModel.swift in Sources */,
				735837C92BB6AF1200A3546F /* GameConfig.swift in Sources */,
				735837CB2BB6AF3F00A3546F /* GameSource.swift in Sources */,
				738170DF2BB6F41B00415B63 /* PackDetailsModuleBuilder.swift in Sources */,
				739599FD2BC6755400440B9C /* LanguagePickerModuleDelegate.swift in Sources */,
				73959A012BC6821B00440B9C /* Assemblerable.swift in Sources */,
				738170D82BB6EEF000415B63 /* LanguagePickerModuleViewModel.swift in Sources */,
				738170C92BB6DB6800415B63 /* GameSetupModuleBuilder.swift in Sources */,
				735837D42BB6B1CD00A3546F /* HeaderView.swift in Sources */,
				738170D32BB6E56800415B63 /* GameModuleDelegate.swift in Sources */,
				738170C32BB6DB5300415B63 /* GameSetupModuleView.swift in Sources */,
				738170BD2BB6C31100415B63 /* LanguagePickerModuleView.swift in Sources */,
				735837E12BB6B26A00A3546F /* HomescreenModuleNavigationItem.swift in Sources */,
				738170E72BB992F100415B63 /* DeeplinkButton.swift in Sources */,
				738170E52BB977FB00415B63 /* GameSetupModuleSheetType.swift in Sources */,
				735837D22BB6B1C700A3546F /* BackButton.swift in Sources */,
				735837B12BB6AE2200A3546F /* NavigationStackMVVMWithNavigationPathApp.swift in Sources */,
				73959A0D2BC6877800440B9C /* LanguagePickerModuleAssembly.swift in Sources */,
				73959A0B2BC686C600440B9C /* SettingsModuleAssembly.swift in Sources */,
				73959A0F2BC6880300440B9C /* DependencyAssembly.swift in Sources */,
				738170E32BB6F5B700415B63 /* PackDetailsModuleModel.swift in Sources */,
				73959A112BC6897C00440B9C /* LanguagePickerModuleBuilder.swift in Sources */,
				738170D12BB6E48300415B63 /* GameModuleViewModel.swift in Sources */,
				738170CF2BB6E47B00415B63 /* GameModuleBuilder.swift in Sources */,
				73959A092BC684F200440B9C /* HomescreenModuleAssembly.swift in Sources */,
				738170CB2BB6DB7000415B63 /* GameSetupModuleNavigationItem.swift in Sources */,
				738170E12BB6F4D000415B63 /* PackDetailsModuleDelegate.swift in Sources */,
				738170B32BB6BABF00415B63 /* View+ActionWiithHapticsViewModifier.swift in Sources */,
				738170DB2BB6F40B00415B63 /* PackDetailsModuleView.swift in Sources */,
				738170B72BB6BC9400415B63 /* SettingsModuleViewModel.swift in Sources */,
				735837C32BB6AEFB00A3546F /* Pack.swift in Sources */,
				735837C52BB6AF0400A3546F /* Card.swift in Sources */,
				738170D62BB6EE8A00415B63 /* NotificationName+Deeplink.swift in Sources */,
			);
			runOnlyForDeploymentPostprocessing = 0;
		};
/* End PBXSourcesBuildPhase section */

/* Begin XCBuildConfiguration section */
		735837B92BB6AE2300A3546F /* Debug */ = {
			isa = XCBuildConfiguration;
			buildSettings = {
				ALWAYS_SEARCH_USER_PATHS = NO;
				ASSETCATALOG_COMPILER_GENERATE_SWIFT_ASSET_SYMBOL_EXTENSIONS = YES;
				CLANG_ANALYZER_NONNULL = YES;
				CLANG_ANALYZER_NUMBER_OBJECT_CONVERSION = YES_AGGRESSIVE;
				CLANG_CXX_LANGUAGE_STANDARD = "gnu++20";
				CLANG_ENABLE_MODULES = YES;
				CLANG_ENABLE_OBJC_ARC = YES;
				CLANG_ENABLE_OBJC_WEAK = YES;
				CLANG_WARN_BLOCK_CAPTURE_AUTORELEASING = YES;
				CLANG_WARN_BOOL_CONVERSION = YES;
				CLANG_WARN_COMMA = YES;
				CLANG_WARN_CONSTANT_CONVERSION = YES;
				CLANG_WARN_DEPRECATED_OBJC_IMPLEMENTATIONS = YES;
				CLANG_WARN_DIRECT_OBJC_ISA_USAGE = YES_ERROR;
				CLANG_WARN_DOCUMENTATION_COMMENTS = YES;
				CLANG_WARN_EMPTY_BODY = YES;
				CLANG_WARN_ENUM_CONVERSION = YES;
				CLANG_WARN_INFINITE_RECURSION = YES;
				CLANG_WARN_INT_CONVERSION = YES;
				CLANG_WARN_NON_LITERAL_NULL_CONVERSION = YES;
				CLANG_WARN_OBJC_IMPLICIT_RETAIN_SELF = YES;
				CLANG_WARN_OBJC_LITERAL_CONVERSION = YES;
				CLANG_WARN_OBJC_ROOT_CLASS = YES_ERROR;
				CLANG_WARN_QUOTED_INCLUDE_IN_FRAMEWORK_HEADER = YES;
				CLANG_WARN_RANGE_LOOP_ANALYSIS = YES;
				CLANG_WARN_STRICT_PROTOTYPES = YES;
				CLANG_WARN_SUSPICIOUS_MOVE = YES;
				CLANG_WARN_UNGUARDED_AVAILABILITY = YES_AGGRESSIVE;
				CLANG_WARN_UNREACHABLE_CODE = YES;
				CLANG_WARN__DUPLICATE_METHOD_MATCH = YES;
				COPY_PHASE_STRIP = NO;
				DEBUG_INFORMATION_FORMAT = dwarf;
				ENABLE_STRICT_OBJC_MSGSEND = YES;
				ENABLE_TESTABILITY = YES;
				ENABLE_USER_SCRIPT_SANDBOXING = YES;
				GCC_C_LANGUAGE_STANDARD = gnu17;
				GCC_DYNAMIC_NO_PIC = NO;
				GCC_NO_COMMON_BLOCKS = YES;
				GCC_OPTIMIZATION_LEVEL = 0;
				GCC_PREPROCESSOR_DEFINITIONS = (
					"DEBUG=1",
					"$(inherited)",
				);
				GCC_WARN_64_TO_32_BIT_CONVERSION = YES;
				GCC_WARN_ABOUT_RETURN_TYPE = YES_ERROR;
				GCC_WARN_UNDECLARED_SELECTOR = YES;
				GCC_WARN_UNINITIALIZED_AUTOS = YES_AGGRESSIVE;
				GCC_WARN_UNUSED_FUNCTION = YES;
				GCC_WARN_UNUSED_VARIABLE = YES;
				IPHONEOS_DEPLOYMENT_TARGET = 16.0;
				LOCALIZATION_PREFERS_STRING_CATALOGS = YES;
				MTL_ENABLE_DEBUG_INFO = INCLUDE_SOURCE;
				MTL_FAST_MATH = YES;
				ONLY_ACTIVE_ARCH = YES;
				SDKROOT = iphoneos;
				SWIFT_ACTIVE_COMPILATION_CONDITIONS = "DEBUG $(inherited)";
				SWIFT_OPTIMIZATION_LEVEL = "-Onone";
			};
			name = Debug;
		};
		735837BA2BB6AE2300A3546F /* Release */ = {
			isa = XCBuildConfiguration;
			buildSettings = {
				ALWAYS_SEARCH_USER_PATHS = NO;
				ASSETCATALOG_COMPILER_GENERATE_SWIFT_ASSET_SYMBOL_EXTENSIONS = YES;
				CLANG_ANALYZER_NONNULL = YES;
				CLANG_ANALYZER_NUMBER_OBJECT_CONVERSION = YES_AGGRESSIVE;
				CLANG_CXX_LANGUAGE_STANDARD = "gnu++20";
				CLANG_ENABLE_MODULES = YES;
				CLANG_ENABLE_OBJC_ARC = YES;
				CLANG_ENABLE_OBJC_WEAK = YES;
				CLANG_WARN_BLOCK_CAPTURE_AUTORELEASING = YES;
				CLANG_WARN_BOOL_CONVERSION = YES;
				CLANG_WARN_COMMA = YES;
				CLANG_WARN_CONSTANT_CONVERSION = YES;
				CLANG_WARN_DEPRECATED_OBJC_IMPLEMENTATIONS = YES;
				CLANG_WARN_DIRECT_OBJC_ISA_USAGE = YES_ERROR;
				CLANG_WARN_DOCUMENTATION_COMMENTS = YES;
				CLANG_WARN_EMPTY_BODY = YES;
				CLANG_WARN_ENUM_CONVERSION = YES;
				CLANG_WARN_INFINITE_RECURSION = YES;
				CLANG_WARN_INT_CONVERSION = YES;
				CLANG_WARN_NON_LITERAL_NULL_CONVERSION = YES;
				CLANG_WARN_OBJC_IMPLICIT_RETAIN_SELF = YES;
				CLANG_WARN_OBJC_LITERAL_CONVERSION = YES;
				CLANG_WARN_OBJC_ROOT_CLASS = YES_ERROR;
				CLANG_WARN_QUOTED_INCLUDE_IN_FRAMEWORK_HEADER = YES;
				CLANG_WARN_RANGE_LOOP_ANALYSIS = YES;
				CLANG_WARN_STRICT_PROTOTYPES = YES;
				CLANG_WARN_SUSPICIOUS_MOVE = YES;
				CLANG_WARN_UNGUARDED_AVAILABILITY = YES_AGGRESSIVE;
				CLANG_WARN_UNREACHABLE_CODE = YES;
				CLANG_WARN__DUPLICATE_METHOD_MATCH = YES;
				COPY_PHASE_STRIP = NO;
				DEBUG_INFORMATION_FORMAT = "dwarf-with-dsym";
				ENABLE_NS_ASSERTIONS = NO;
				ENABLE_STRICT_OBJC_MSGSEND = YES;
				ENABLE_USER_SCRIPT_SANDBOXING = YES;
				GCC_C_LANGUAGE_STANDARD = gnu17;
				GCC_NO_COMMON_BLOCKS = YES;
				GCC_WARN_64_TO_32_BIT_CONVERSION = YES;
				GCC_WARN_ABOUT_RETURN_TYPE = YES_ERROR;
				GCC_WARN_UNDECLARED_SELECTOR = YES;
				GCC_WARN_UNINITIALIZED_AUTOS = YES_AGGRESSIVE;
				GCC_WARN_UNUSED_FUNCTION = YES;
				GCC_WARN_UNUSED_VARIABLE = YES;
				IPHONEOS_DEPLOYMENT_TARGET = 16.0;
				LOCALIZATION_PREFERS_STRING_CATALOGS = YES;
				MTL_ENABLE_DEBUG_INFO = NO;
				MTL_FAST_MATH = YES;
				SDKROOT = iphoneos;
				SWIFT_COMPILATION_MODE = wholemodule;
				VALIDATE_PRODUCT = YES;
			};
			name = Release;
		};
		735837BC2BB6AE2300A3546F /* Debug */ = {
			isa = XCBuildConfiguration;
			buildSettings = {
				ASSETCATALOG_COMPILER_APPICON_NAME = AppIcon;
				ASSETCATALOG_COMPILER_GLOBAL_ACCENT_COLOR_NAME = AccentColor;
				CODE_SIGN_STYLE = Automatic;
				CURRENT_PROJECT_VERSION = 1;
				DEVELOPMENT_ASSET_PATHS = "\"NavigationStackMVVMWithNavigationPath/Preview Content\"";
				DEVELOPMENT_TEAM = 68Y6PK33C5;
				ENABLE_PREVIEWS = YES;
				GENERATE_INFOPLIST_FILE = YES;
				INFOPLIST_KEY_UIApplicationSceneManifest_Generation = YES;
				INFOPLIST_KEY_UIApplicationSupportsIndirectInputEvents = YES;
				INFOPLIST_KEY_UILaunchScreen_Generation = YES;
				INFOPLIST_KEY_UISupportedInterfaceOrientations = UIInterfaceOrientationPortrait;
				INFOPLIST_KEY_UISupportedInterfaceOrientations_iPad = "UIInterfaceOrientationLandscapeLeft UIInterfaceOrientationLandscapeRight UIInterfaceOrientationPortrait UIInterfaceOrientationPortraitUpsideDown";
				IPHONEOS_DEPLOYMENT_TARGET = 16.0;
				LD_RUNPATH_SEARCH_PATHS = (
					"$(inherited)",
					"@executable_path/Frameworks",
				);
				MARKETING_VERSION = 1.0;
				PRODUCT_BUNDLE_IDENTIFIER = MK.NavigationStackMVVMWithNavigationPath;
				PRODUCT_NAME = "$(TARGET_NAME)";
				SUPPORTED_PLATFORMS = "iphoneos iphonesimulator";
				SUPPORTS_MACCATALYST = NO;
				SUPPORTS_MAC_DESIGNED_FOR_IPHONE_IPAD = NO;
				SUPPORTS_XR_DESIGNED_FOR_IPHONE_IPAD = NO;
				SWIFT_EMIT_LOC_STRINGS = YES;
				SWIFT_VERSION = 5.0;
				TARGETED_DEVICE_FAMILY = 1;
			};
			name = Debug;
		};
		735837BD2BB6AE2300A3546F /* Release */ = {
			isa = XCBuildConfiguration;
			buildSettings = {
				ASSETCATALOG_COMPILER_APPICON_NAME = AppIcon;
				ASSETCATALOG_COMPILER_GLOBAL_ACCENT_COLOR_NAME = AccentColor;
				CODE_SIGN_STYLE = Automatic;
				CURRENT_PROJECT_VERSION = 1;
				DEVELOPMENT_ASSET_PATHS = "\"NavigationStackMVVMWithNavigationPath/Preview Content\"";
				DEVELOPMENT_TEAM = 68Y6PK33C5;
				ENABLE_PREVIEWS = YES;
				GENERATE_INFOPLIST_FILE = YES;
				INFOPLIST_KEY_UIApplicationSceneManifest_Generation = YES;
				INFOPLIST_KEY_UIApplicationSupportsIndirectInputEvents = YES;
				INFOPLIST_KEY_UILaunchScreen_Generation = YES;
				INFOPLIST_KEY_UISupportedInterfaceOrientations = UIInterfaceOrientationPortrait;
				INFOPLIST_KEY_UISupportedInterfaceOrientations_iPad = "UIInterfaceOrientationLandscapeLeft UIInterfaceOrientationLandscapeRight UIInterfaceOrientationPortrait UIInterfaceOrientationPortraitUpsideDown";
				IPHONEOS_DEPLOYMENT_TARGET = 16.0;
				LD_RUNPATH_SEARCH_PATHS = (
					"$(inherited)",
					"@executable_path/Frameworks",
				);
				MARKETING_VERSION = 1.0;
				PRODUCT_BUNDLE_IDENTIFIER = MK.NavigationStackMVVMWithNavigationPath;
				PRODUCT_NAME = "$(TARGET_NAME)";
				SUPPORTED_PLATFORMS = "iphoneos iphonesimulator";
				SUPPORTS_MACCATALYST = NO;
				SUPPORTS_MAC_DESIGNED_FOR_IPHONE_IPAD = NO;
				SUPPORTS_XR_DESIGNED_FOR_IPHONE_IPAD = NO;
				SWIFT_EMIT_LOC_STRINGS = YES;
				SWIFT_VERSION = 5.0;
				TARGETED_DEVICE_FAMILY = 1;
			};
			name = Release;
		};
/* End XCBuildConfiguration section */

/* Begin XCConfigurationList section */
		735837A82BB6AE2200A3546F /* Build configuration list for PBXProject "NavigationStackMVVMWithNavigationPath" */ = {
			isa = XCConfigurationList;
			buildConfigurations = (
				735837B92BB6AE2300A3546F /* Debug */,
				735837BA2BB6AE2300A3546F /* Release */,
			);
			defaultConfigurationIsVisible = 0;
			defaultConfigurationName = Release;
		};
		735837BB2BB6AE2300A3546F /* Build configuration list for PBXNativeTarget "NavigationStackMVVMWithNavigationPath" */ = {
			isa = XCConfigurationList;
			buildConfigurations = (
				735837BC2BB6AE2300A3546F /* Debug */,
				735837BD2BB6AE2300A3546F /* Release */,
			);
			defaultConfigurationIsVisible = 0;
			defaultConfigurationName = Release;
		};
/* End XCConfigurationList section */

/* Begin XCRemoteSwiftPackageReference section */
		73959A032BC683D900440B9C /* XCRemoteSwiftPackageReference "Swinject" */ = {
			isa = XCRemoteSwiftPackageReference;
			repositoryURL = "https://github.com/Swinject/Swinject";
			requirement = {
				kind = upToNextMajorVersion;
				minimumVersion = 2.8.2;
			};
		};
/* End XCRemoteSwiftPackageReference section */

/* Begin XCSwiftPackageProductDependency section */
		73959A042BC683D900440B9C /* Swinject */ = {
			isa = XCSwiftPackageProductDependency;
			package = 73959A032BC683D900440B9C /* XCRemoteSwiftPackageReference "Swinject" */;
			productName = Swinject;
		};
/* End XCSwiftPackageProductDependency section */
	};
	rootObject = 735837A52BB6AE2200A3546F /* Project object */;
}
