// !$*UTF8*$!
{
	archiveVersion = 1;
	classes = {
	};
	objectVersion = 56;
	objects = {

/* Begin PBXBuildFile section */
		7353915D2BB3FACA00E23357 /* NavigationStackBasicApp.swift in Sources */ = {isa = PBXBuildFile; fileRef = 7353915C2BB3FACA00E23357 /* NavigationStackBasicApp.swift */; };
		7353915F2BB3FACA00E23357 /* HomescreenView.swift in Sources */ = {isa = PBXBuildFile; fileRef = 7353915E2BB3FACA00E23357 /* HomescreenView.swift */; };
		735391612BB3FACB00E23357 /* Assets.xcassets in Resources */ = {isa = PBXBuildFile; fileRef = 735391602BB3FACB00E23357 /* Assets.xcassets */; };
		735391642BB3FACB00E23357 /* Preview Assets.xcassets in Resources */ = {isa = PBXBuildFile; fileRef = 735391632BB3FACB00E23357 /* Preview Assets.xcassets */; };
		7353916D2BB3FB7700E23357 /* GameMode.swift in Sources */ = {isa = PBXBuildFile; fileRef = 7353916C2BB3FB7700E23357 /* GameMode.swift */; };
		7353916F2BB3FB9700E23357 /* NavigationItem.swift in Sources */ = {isa = PBXBuildFile; fileRef = 7353916E2BB3FB9600E23357 /* NavigationItem.swift */; };
		735391712BB3FCA300E23357 /* GameSource.swift in Sources */ = {isa = PBXBuildFile; fileRef = 735391702BB3FCA300E23357 /* GameSource.swift */; };
		735391732BB3FCC300E23357 /* GameConfig.swift in Sources */ = {isa = PBXBuildFile; fileRef = 735391722BB3FCC300E23357 /* GameConfig.swift */; };
		735391752BB3FD0200E23357 /* Pack.swift in Sources */ = {isa = PBXBuildFile; fileRef = 735391742BB3FD0200E23357 /* Pack.swift */; };
		735391772BB3FD0700E23357 /* Card.swift in Sources */ = {isa = PBXBuildFile; fileRef = 735391762BB3FD0700E23357 /* Card.swift */; };
		7353917A2BB403E700E23357 /* HeaderView.swift in Sources */ = {isa = PBXBuildFile; fileRef = 735391792BB403E700E23357 /* HeaderView.swift */; };
		7353917C2BB403F900E23357 /* BackButton.swift in Sources */ = {isa = PBXBuildFile; fileRef = 7353917B2BB403F900E23357 /* BackButton.swift */; };
		7353917F2BB4063300E23357 /* SettingsView.swift in Sources */ = {isa = PBXBuildFile; fileRef = 7353917E2BB4063300E23357 /* SettingsView.swift */; };
		735391812BB4070700E23357 /* LanguagePickerView.swift in Sources */ = {isa = PBXBuildFile; fileRef = 735391802BB4070700E23357 /* LanguagePickerView.swift */; };
		735391832BB4080F00E23357 /* GameSetupView.swift in Sources */ = {isa = PBXBuildFile; fileRef = 735391822BB4080F00E23357 /* GameSetupView.swift */; };
/* End PBXBuildFile section */

/* Begin PBXFileReference section */
		735391592BB3FACA00E23357 /* NavigationStackBasic.app */ = {isa = PBXFileReference; explicitFileType = wrapper.application; includeInIndex = 0; path = NavigationStackBasic.app; sourceTree = BUILT_PRODUCTS_DIR; };
		7353915C2BB3FACA00E23357 /* NavigationStackBasicApp.swift */ = {isa = PBXFileReference; lastKnownFileType = sourcecode.swift; path = NavigationStackBasicApp.swift; sourceTree = "<group>"; };
		7353915E2BB3FACA00E23357 /* HomescreenView.swift */ = {isa = PBXFileReference; lastKnownFileType = sourcecode.swift; path = HomescreenView.swift; sourceTree = "<group>"; };
		735391602BB3FACB00E23357 /* Assets.xcassets */ = {isa = PBXFileReference; lastKnownFileType = folder.assetcatalog; path = Assets.xcassets; sourceTree = "<group>"; };
		735391632BB3FACB00E23357 /* Preview Assets.xcassets */ = {isa = PBXFileReference; lastKnownFileType = folder.assetcatalog; path = "Preview Assets.xcassets"; sourceTree = "<group>"; };
		7353916C2BB3FB7700E23357 /* GameMode.swift */ = {isa = PBXFileReference; lastKnownFileType = sourcecode.swift; path = GameMode.swift; sourceTree = "<group>"; };
		7353916E2BB3FB9600E23357 /* NavigationItem.swift */ = {isa = PBXFileReference; lastKnownFileType = sourcecode.swift; path = NavigationItem.swift; sourceTree = "<group>"; };
		735391702BB3FCA300E23357 /* GameSource.swift */ = {isa = PBXFileReference; lastKnownFileType = sourcecode.swift; path = GameSource.swift; sourceTree = "<group>"; };
		735391722BB3FCC300E23357 /* GameConfig.swift */ = {isa = PBXFileReference; lastKnownFileType = sourcecode.swift; path = GameConfig.swift; sourceTree = "<group>"; };
		735391742BB3FD0200E23357 /* Pack.swift */ = {isa = PBXFileReference; lastKnownFileType = sourcecode.swift; path = Pack.swift; sourceTree = "<group>"; };
		735391762BB3FD0700E23357 /* Card.swift */ = {isa = PBXFileReference; lastKnownFileType = sourcecode.swift; path = Card.swift; sourceTree = "<group>"; };
		735391792BB403E700E23357 /* HeaderView.swift */ = {isa = PBXFileReference; lastKnownFileType = sourcecode.swift; path = HeaderView.swift; sourceTree = "<group>"; };
		7353917B2BB403F900E23357 /* BackButton.swift */ = {isa = PBXFileReference; lastKnownFileType = sourcecode.swift; path = BackButton.swift; sourceTree = "<group>"; };
		7353917E2BB4063300E23357 /* SettingsView.swift */ = {isa = PBXFileReference; lastKnownFileType = sourcecode.swift; path = SettingsView.swift; sourceTree = "<group>"; };
		735391802BB4070700E23357 /* LanguagePickerView.swift */ = {isa = PBXFileReference; lastKnownFileType = sourcecode.swift; path = LanguagePickerView.swift; sourceTree = "<group>"; };
		735391822BB4080F00E23357 /* GameSetupView.swift */ = {isa = PBXFileReference; lastKnownFileType = sourcecode.swift; path = GameSetupView.swift; sourceTree = "<group>"; };
/* End PBXFileReference section */

/* Begin PBXFrameworksBuildPhase section */
		735391562BB3FACA00E23357 /* Frameworks */ = {
			isa = PBXFrameworksBuildPhase;
			buildActionMask = 2147483647;
			files = (
			);
			runOnlyForDeploymentPostprocessing = 0;
		};
/* End PBXFrameworksBuildPhase section */

/* Begin PBXGroup section */
		735391502BB3FACA00E23357 = {
			isa = PBXGroup;
			children = (
				7353915B2BB3FACA00E23357 /* NavigationStackBasic */,
				7353915A2BB3FACA00E23357 /* Products */,
			);
			sourceTree = "<group>";
		};
		7353915A2BB3FACA00E23357 /* Products */ = {
			isa = PBXGroup;
			children = (
				735391592BB3FACA00E23357 /* NavigationStackBasic.app */,
			);
			name = Products;
			sourceTree = "<group>";
		};
		7353915B2BB3FACA00E23357 /* NavigationStackBasic */ = {
			isa = PBXGroup;
			children = (
				7353915C2BB3FACA00E23357 /* NavigationStackBasicApp.swift */,
				735391602BB3FACB00E23357 /* Assets.xcassets */,
				7353916A2BB3FB4200E23357 /* Models */,
				735391622BB3FACB00E23357 /* Preview Content */,
				735391782BB4039D00E23357 /* Services */,
				7353916B2BB3FB4900E23357 /* Views */,
			);
			path = NavigationStackBasic;
			sourceTree = "<group>";
		};
		735391622BB3FACB00E23357 /* Preview Content */ = {
			isa = PBXGroup;
			children = (
				735391632BB3FACB00E23357 /* Preview Assets.xcassets */,
			);
			path = "Preview Content";
			sourceTree = "<group>";
		};
		7353916A2BB3FB4200E23357 /* Models */ = {
			isa = PBXGroup;
			children = (
				735391762BB3FD0700E23357 /* Card.swift */,
				735391722BB3FCC300E23357 /* GameConfig.swift */,
				7353916C2BB3FB7700E23357 /* GameMode.swift */,
				735391702BB3FCA300E23357 /* GameSource.swift */,
				7353916E2BB3FB9600E23357 /* NavigationItem.swift */,
				735391742BB3FD0200E23357 /* Pack.swift */,
			);
			path = Models;
			sourceTree = "<group>";
		};
		7353916B2BB3FB4900E23357 /* Views */ = {
			isa = PBXGroup;
			children = (
				735391822BB4080F00E23357 /* GameSetupView.swift */,
				7353915E2BB3FACA00E23357 /* HomescreenView.swift */,
				735391802BB4070700E23357 /* LanguagePickerView.swift */,
				7353917E2BB4063300E23357 /* SettingsView.swift */,
				7353917D2BB4062200E23357 /* Common */,
			);
			path = Views;
			sourceTree = "<group>";
		};
		735391782BB4039D00E23357 /* Services */ = {
			isa = PBXGroup;
			children = (
			);
			path = Services;
			sourceTree = "<group>";
		};
		7353917D2BB4062200E23357 /* Common */ = {
			isa = PBXGroup;
			children = (
				7353917B2BB403F900E23357 /* BackButton.swift */,
				735391792BB403E700E23357 /* HeaderView.swift */,
			);
			path = Common;
			sourceTree = "<group>";
		};
/* End PBXGroup section */

/* Begin PBXNativeTarget section */
		735391582BB3FACA00E23357 /* NavigationStackBasic */ = {
			isa = PBXNativeTarget;
			buildConfigurationList = 735391672BB3FACB00E23357 /* Build configuration list for PBXNativeTarget "NavigationStackBasic" */;
			buildPhases = (
				735391552BB3FACA00E23357 /* Sources */,
				735391562BB3FACA00E23357 /* Frameworks */,
				735391572BB3FACA00E23357 /* Resources */,
			);
			buildRules = (
			);
			dependencies = (
			);
			name = NavigationStackBasic;
			productName = NavigationStackBasic;
			productReference = 735391592BB3FACA00E23357 /* NavigationStackBasic.app */;
			productType = "com.apple.product-type.application";
		};
/* End PBXNativeTarget section */

/* Begin PBXProject section */
		735391512BB3FACA00E23357 /* Project object */ = {
			isa = PBXProject;
			attributes = {
				BuildIndependentTargetsInParallel = 1;
				LastSwiftUpdateCheck = 1530;
				LastUpgradeCheck = 1530;
				TargetAttributes = {
					735391582BB3FACA00E23357 = {
						CreatedOnToolsVersion = 15.3;
					};
				};
			};
			buildConfigurationList = 735391542BB3FACA00E23357 /* Build configuration list for PBXProject "NavigationStackBasic" */;
			compatibilityVersion = "Xcode 14.0";
			developmentRegion = en;
			hasScannedForEncodings = 0;
			knownRegions = (
				en,
				Base,
			);
			mainGroup = 735391502BB3FACA00E23357;
			productRefGroup = 7353915A2BB3FACA00E23357 /* Products */;
			projectDirPath = "";
			projectRoot = "";
			targets = (
				735391582BB3FACA00E23357 /* NavigationStackBasic */,
			);
		};
/* End PBXProject section */

/* Begin PBXResourcesBuildPhase section */
		735391572BB3FACA00E23357 /* Resources */ = {
			isa = PBXResourcesBuildPhase;
			buildActionMask = 2147483647;
			files = (
				735391642BB3FACB00E23357 /* Preview Assets.xcassets in Resources */,
				735391612BB3FACB00E23357 /* Assets.xcassets in Resources */,
			);
			runOnlyForDeploymentPostprocessing = 0;
		};
/* End PBXResourcesBuildPhase section */

/* Begin PBXSourcesBuildPhase section */
		735391552BB3FACA00E23357 /* Sources */ = {
			isa = PBXSourcesBuildPhase;
			buildActionMask = 2147483647;
			files = (
				7353915F2BB3FACA00E23357 /* HomescreenView.swift in Sources */,
				7353917A2BB403E700E23357 /* HeaderView.swift in Sources */,
				735391732BB3FCC300E23357 /* GameConfig.swift in Sources */,
				7353915D2BB3FACA00E23357 /* NavigationStackBasicApp.swift in Sources */,
				735391832BB4080F00E23357 /* GameSetupView.swift in Sources */,
				735391812BB4070700E23357 /* LanguagePickerView.swift in Sources */,
				7353917C2BB403F900E23357 /* BackButton.swift in Sources */,
				7353916F2BB3FB9700E23357 /* NavigationItem.swift in Sources */,
				735391752BB3FD0200E23357 /* Pack.swift in Sources */,
				7353916D2BB3FB7700E23357 /* GameMode.swift in Sources */,
				735391712BB3FCA300E23357 /* GameSource.swift in Sources */,
				735391772BB3FD0700E23357 /* Card.swift in Sources */,
				7353917F2BB4063300E23357 /* SettingsView.swift in Sources */,
			);
			runOnlyForDeploymentPostprocessing = 0;
		};
/* End PBXSourcesBuildPhase section */

/* Begin XCBuildConfiguration section */
		735391652BB3FACB00E23357 /* Debug */ = {
			isa = XCBuildConfiguration;
			buildSettings = {
				ALWAYS_SEARCH_USER_PATHS = NO;
				ASSETCATALOG_COMPILER_GENERATE_SWIFT_ASSET_SYMBOL_EXTENSIONS = YES;
				CLANG_ANALYZER_NONNULL = YES;
				CLANG_ANALYZER_NUMBER_OBJECT_CONVERSION = YES_AGGRESSIVE;
				CLANG_CXX_LANGUAGE_STANDARD = "gnu++20";
				CLANG_ENABLE_MODULES = YES;
				CLANG_ENABLE_OBJC_ARC = YES;
				CLANG_ENABLE_OBJC_WEAK = YES;
				CLANG_WARN_BLOCK_CAPTURE_AUTORELEASING = YES;
				CLANG_WARN_BOOL_CONVERSION = YES;
				CLANG_WARN_COMMA = YES;
				CLANG_WARN_CONSTANT_CONVERSION = YES;
				CLANG_WARN_DEPRECATED_OBJC_IMPLEMENTATIONS = YES;
				CLANG_WARN_DIRECT_OBJC_ISA_USAGE = YES_ERROR;
				CLANG_WARN_DOCUMENTATION_COMMENTS = YES;
				CLANG_WARN_EMPTY_BODY = YES;
				CLANG_WARN_ENUM_CONVERSION = YES;
				CLANG_WARN_INFINITE_RECURSION = YES;
				CLANG_WARN_INT_CONVERSION = YES;
				CLANG_WARN_NON_LITERAL_NULL_CONVERSION = YES;
				CLANG_WARN_OBJC_IMPLICIT_RETAIN_SELF = YES;
				CLANG_WARN_OBJC_LITERAL_CONVERSION = YES;
				CLANG_WARN_OBJC_ROOT_CLASS = YES_ERROR;
				CLANG_WARN_QUOTED_INCLUDE_IN_FRAMEWORK_HEADER = YES;
				CLANG_WARN_RANGE_LOOP_ANALYSIS = YES;
				CLANG_WARN_STRICT_PROTOTYPES = YES;
				CLANG_WARN_SUSPICIOUS_MOVE = YES;
				CLANG_WARN_UNGUARDED_AVAILABILITY = YES_AGGRESSIVE;
				CLANG_WARN_UNREACHABLE_CODE = YES;
				CLANG_WARN__DUPLICATE_METHOD_MATCH = YES;
				COPY_PHASE_STRIP = NO;
				DEBUG_INFORMATION_FORMAT = dwarf;
				ENABLE_STRICT_OBJC_MSGSEND = YES;
				ENABLE_TESTABILITY = YES;
				ENABLE_USER_SCRIPT_SANDBOXING = YES;
				GCC_C_LANGUAGE_STANDARD = gnu17;
				GCC_DYNAMIC_NO_PIC = NO;
				GCC_NO_COMMON_BLOCKS = YES;
				GCC_OPTIMIZATION_LEVEL = 0;
				GCC_PREPROCESSOR_DEFINITIONS = (
					"DEBUG=1",
					"$(inherited)",
				);
				GCC_WARN_64_TO_32_BIT_CONVERSION = YES;
				GCC_WARN_ABOUT_RETURN_TYPE = YES_ERROR;
				GCC_WARN_UNDECLARED_SELECTOR = YES;
				GCC_WARN_UNINITIALIZED_AUTOS = YES_AGGRESSIVE;
				GCC_WARN_UNUSED_FUNCTION = YES;
				GCC_WARN_UNUSED_VARIABLE = YES;
				IPHONEOS_DEPLOYMENT_TARGET = 17.4;
				LOCALIZATION_PREFERS_STRING_CATALOGS = YES;
				MTL_ENABLE_DEBUG_INFO = INCLUDE_SOURCE;
				MTL_FAST_MATH = YES;
				ONLY_ACTIVE_ARCH = YES;
				SDKROOT = iphoneos;
				SWIFT_ACTIVE_COMPILATION_CONDITIONS = "DEBUG $(inherited)";
				SWIFT_OPTIMIZATION_LEVEL = "-Onone";
			};
			name = Debug;
		};
		735391662BB3FACB00E23357 /* Release */ = {
			isa = XCBuildConfiguration;
			buildSettings = {
				ALWAYS_SEARCH_USER_PATHS = NO;
				ASSETCATALOG_COMPILER_GENERATE_SWIFT_ASSET_SYMBOL_EXTENSIONS = YES;
				CLANG_ANALYZER_NONNULL = YES;
				CLANG_ANALYZER_NUMBER_OBJECT_CONVERSION = YES_AGGRESSIVE;
				CLANG_CXX_LANGUAGE_STANDARD = "gnu++20";
				CLANG_ENABLE_MODULES = YES;
				CLANG_ENABLE_OBJC_ARC = YES;
				CLANG_ENABLE_OBJC_WEAK = YES;
				CLANG_WARN_BLOCK_CAPTURE_AUTORELEASING = YES;
				CLANG_WARN_BOOL_CONVERSION = YES;
				CLANG_WARN_COMMA = YES;
				CLANG_WARN_CONSTANT_CONVERSION = YES;
				CLANG_WARN_DEPRECATED_OBJC_IMPLEMENTATIONS = YES;
				CLANG_WARN_DIRECT_OBJC_ISA_USAGE = YES_ERROR;
				CLANG_WARN_DOCUMENTATION_COMMENTS = YES;
				CLANG_WARN_EMPTY_BODY = YES;
				CLANG_WARN_ENUM_CONVERSION = YES;
				CLANG_WARN_INFINITE_RECURSION = YES;
				CLANG_WARN_INT_CONVERSION = YES;
				CLANG_WARN_NON_LITERAL_NULL_CONVERSION = YES;
				CLANG_WARN_OBJC_IMPLICIT_RETAIN_SELF = YES;
				CLANG_WARN_OBJC_LITERAL_CONVERSION = YES;
				CLANG_WARN_OBJC_ROOT_CLASS = YES_ERROR;
				CLANG_WARN_QUOTED_INCLUDE_IN_FRAMEWORK_HEADER = YES;
				CLANG_WARN_RANGE_LOOP_ANALYSIS = YES;
				CLANG_WARN_STRICT_PROTOTYPES = YES;
				CLANG_WARN_SUSPICIOUS_MOVE = YES;
				CLANG_WARN_UNGUARDED_AVAILABILITY = YES_AGGRESSIVE;
				CLANG_WARN_UNREACHABLE_CODE = YES;
				CLANG_WARN__DUPLICATE_METHOD_MATCH = YES;
				COPY_PHASE_STRIP = NO;
				DEBUG_INFORMATION_FORMAT = "dwarf-with-dsym";
				ENABLE_NS_ASSERTIONS = NO;
				ENABLE_STRICT_OBJC_MSGSEND = YES;
				ENABLE_USER_SCRIPT_SANDBOXING = YES;
				GCC_C_LANGUAGE_STANDARD = gnu17;
				GCC_NO_COMMON_BLOCKS = YES;
				GCC_WARN_64_TO_32_BIT_CONVERSION = YES;
				GCC_WARN_ABOUT_RETURN_TYPE = YES_ERROR;
				GCC_WARN_UNDECLARED_SELECTOR = YES;
				GCC_WARN_UNINITIALIZED_AUTOS = YES_AGGRESSIVE;
				GCC_WARN_UNUSED_FUNCTION = YES;
				GCC_WARN_UNUSED_VARIABLE = YES;
				IPHONEOS_DEPLOYMENT_TARGET = 17.4;
				LOCALIZATION_PREFERS_STRING_CATALOGS = YES;
				MTL_ENABLE_DEBUG_INFO = NO;
				MTL_FAST_MATH = YES;
				SDKROOT = iphoneos;
				SWIFT_COMPILATION_MODE = wholemodule;
				VALIDATE_PRODUCT = YES;
			};
			name = Release;
		};
		735391682BB3FACB00E23357 /* Debug */ = {
			isa = XCBuildConfiguration;
			buildSettings = {
				ASSETCATALOG_COMPILER_APPICON_NAME = AppIcon;
				ASSETCATALOG_COMPILER_GLOBAL_ACCENT_COLOR_NAME = AccentColor;
				CODE_SIGN_STYLE = Automatic;
				CURRENT_PROJECT_VERSION = 1;
				DEVELOPMENT_ASSET_PATHS = "\"NavigationStackBasic/Preview Content\"";
				DEVELOPMENT_TEAM = 68Y6PK33C5;
				ENABLE_PREVIEWS = YES;
				GENERATE_INFOPLIST_FILE = YES;
				INFOPLIST_KEY_UIApplicationSceneManifest_Generation = YES;
				INFOPLIST_KEY_UIApplicationSupportsIndirectInputEvents = YES;
				INFOPLIST_KEY_UILaunchScreen_Generation = YES;
				INFOPLIST_KEY_UISupportedInterfaceOrientations_iPad = "UIInterfaceOrientationPortrait UIInterfaceOrientationPortraitUpsideDown UIInterfaceOrientationLandscapeLeft UIInterfaceOrientationLandscapeRight";
				INFOPLIST_KEY_UISupportedInterfaceOrientations_iPhone = "UIInterfaceOrientationPortrait UIInterfaceOrientationLandscapeLeft UIInterfaceOrientationLandscapeRight";
				IPHONEOS_DEPLOYMENT_TARGET = 16.0;
				LD_RUNPATH_SEARCH_PATHS = (
					"$(inherited)",
					"@executable_path/Frameworks",
				);
				MARKETING_VERSION = 1.0;
				PRODUCT_BUNDLE_IDENTIFIER = MK.NavigationStackBasic;
				PRODUCT_NAME = "$(TARGET_NAME)";
				SUPPORTED_PLATFORMS = "iphoneos iphonesimulator";
				SUPPORTS_MACCATALYST = NO;
				SUPPORTS_MAC_DESIGNED_FOR_IPHONE_IPAD = NO;
				SUPPORTS_XR_DESIGNED_FOR_IPHONE_IPAD = NO;
				SWIFT_EMIT_LOC_STRINGS = YES;
				SWIFT_VERSION = 5.0;
				TARGETED_DEVICE_FAMILY = 1;
			};
			name = Debug;
		};
		735391692BB3FACB00E23357 /* Release */ = {
			isa = XCBuildConfiguration;
			buildSettings = {
				ASSETCATALOG_COMPILER_APPICON_NAME = AppIcon;
				ASSETCATALOG_COMPILER_GLOBAL_ACCENT_COLOR_NAME = AccentColor;
				CODE_SIGN_STYLE = Automatic;
				CURRENT_PROJECT_VERSION = 1;
				DEVELOPMENT_ASSET_PATHS = "\"NavigationStackBasic/Preview Content\"";
				DEVELOPMENT_TEAM = 68Y6PK33C5;
				ENABLE_PREVIEWS = YES;
				GENERATE_INFOPLIST_FILE = YES;
				INFOPLIST_KEY_UIApplicationSceneManifest_Generation = YES;
				INFOPLIST_KEY_UIApplicationSupportsIndirectInputEvents = YES;
				INFOPLIST_KEY_UILaunchScreen_Generation = YES;
				INFOPLIST_KEY_UISupportedInterfaceOrientations_iPad = "UIInterfaceOrientationPortrait UIInterfaceOrientationPortraitUpsideDown UIInterfaceOrientationLandscapeLeft UIInterfaceOrientationLandscapeRight";
				INFOPLIST_KEY_UISupportedInterfaceOrientations_iPhone = "UIInterfaceOrientationPortrait UIInterfaceOrientationLandscapeLeft UIInterfaceOrientationLandscapeRight";
				IPHONEOS_DEPLOYMENT_TARGET = 16.0;
				LD_RUNPATH_SEARCH_PATHS = (
					"$(inherited)",
					"@executable_path/Frameworks",
				);
				MARKETING_VERSION = 1.0;
				PRODUCT_BUNDLE_IDENTIFIER = MK.NavigationStackBasic;
				PRODUCT_NAME = "$(TARGET_NAME)";
				SUPPORTED_PLATFORMS = "iphoneos iphonesimulator";
				SUPPORTS_MACCATALYST = NO;
				SUPPORTS_MAC_DESIGNED_FOR_IPHONE_IPAD = NO;
				SUPPORTS_XR_DESIGNED_FOR_IPHONE_IPAD = NO;
				SWIFT_EMIT_LOC_STRINGS = YES;
				SWIFT_VERSION = 5.0;
				TARGETED_DEVICE_FAMILY = 1;
			};
			name = Release;
		};
/* End XCBuildConfiguration section */

/* Begin XCConfigurationList section */
		735391542BB3FACA00E23357 /* Build configuration list for PBXProject "NavigationStackBasic" */ = {
			isa = XCConfigurationList;
			buildConfigurations = (
				735391652BB3FACB00E23357 /* Debug */,
				735391662BB3FACB00E23357 /* Release */,
			);
			defaultConfigurationIsVisible = 0;
			defaultConfigurationName = Release;
		};
		735391672BB3FACB00E23357 /* Build configuration list for PBXNativeTarget "NavigationStackBasic" */ = {
			isa = XCConfigurationList;
			buildConfigurations = (
				735391682BB3FACB00E23357 /* Debug */,
				735391692BB3FACB00E23357 /* Release */,
			);
			defaultConfigurationIsVisible = 0;
			defaultConfigurationName = Release;
		};
/* End XCConfigurationList section */
	};
	rootObject = 735391512BB3FACA00E23357 /* Project object */;
}
